// !$*UTF8*$!
{
	archiveVersion = 1;
	classes = {
	};
	objectVersion = 55;
	objects = {

/* Begin PBXBuildFile section */
		904EF2D71A41D73A33BA61DA /* Pods_Get_To_Know_SapceX.framework in Frameworks */ = {isa = PBXBuildFile; fileRef = 4B4695914DD918019306AA7E /* Pods_Get_To_Know_SapceX.framework */; };
		90A3AD000C86F39748A9BE87 /* Pods_Get_To_Know_SapceXTests.framework in Frameworks */ = {isa = PBXBuildFile; fileRef = F5796F167C224C0841CFBCF4 /* Pods_Get_To_Know_SapceXTests.framework */; };
		CC618CA228CBC04000FEE54C /* DataManager.swift in Sources */ = {isa = PBXBuildFile; fileRef = CC618CA128CBC04000FEE54C /* DataManager.swift */; };
		CC618CA428CBD09700FEE54C /* MissionOffline.swift in Sources */ = {isa = PBXBuildFile; fileRef = CC618CA328CBD09700FEE54C /* MissionOffline.swift */; };
		CC618CA628CBDB0800FEE54C /* Reachibility.swift in Sources */ = {isa = PBXBuildFile; fileRef = CC618CA528CBDB0800FEE54C /* Reachibility.swift */; };
		CC7E4F4C28C761E00036A7BE /* Service.swift in Sources */ = {isa = PBXBuildFile; fileRef = CC7E4F4B28C761E00036A7BE /* Service.swift */; };
		CC7E4F4E28C762100036A7BE /* ServiceHelper.swift in Sources */ = {isa = PBXBuildFile; fileRef = CC7E4F4D28C762100036A7BE /* ServiceHelper.swift */; };
		CC7E4F5028C762450036A7BE /* NetworkError.swift in Sources */ = {isa = PBXBuildFile; fileRef = CC7E4F4F28C762450036A7BE /* NetworkError.swift */; };
		CC7E4F5328C762800036A7BE /* HeaderHelper.swift in Sources */ = {isa = PBXBuildFile; fileRef = CC7E4F5228C762800036A7BE /* HeaderHelper.swift */; };
		CC7E4F5528C762AC0036A7BE /* Network+Description.swift in Sources */ = {isa = PBXBuildFile; fileRef = CC7E4F5428C762AC0036A7BE /* Network+Description.swift */; };
		CC7E4F5728C766BF0036A7BE /* AppManager.swift in Sources */ = {isa = PBXBuildFile; fileRef = CC7E4F5628C766BF0036A7BE /* AppManager.swift */; };
		CC7E4F5B28C767580036A7BE /* SPXTabBarController.swift in Sources */ = {isa = PBXBuildFile; fileRef = CC7E4F5A28C767580036A7BE /* SPXTabBarController.swift */; };
		CC7E4F6228C76BCF0036A7BE /* Bookmarks_VC.swift in Sources */ = {isa = PBXBuildFile; fileRef = CC7E4F6028C76BCF0036A7BE /* Bookmarks_VC.swift */; };
		CC7E4F6328C76BCF0036A7BE /* BookMark_VC.xib in Resources */ = {isa = PBXBuildFile; fileRef = CC7E4F6128C76BCF0036A7BE /* BookMark_VC.xib */; };
		CC7E4F6528C76D710036A7BE /* HttpMethod.swift in Sources */ = {isa = PBXBuildFile; fileRef = CC7E4F6428C76D710036A7BE /* HttpMethod.swift */; };
		CC7E4F6728C76DAE0036A7BE /* Mission.swift in Sources */ = {isa = PBXBuildFile; fileRef = CC7E4F6628C76DAE0036A7BE /* Mission.swift */; };
		CC87557F28C7596D00C80E3E /* AppDelegate.swift in Sources */ = {isa = PBXBuildFile; fileRef = CC87557E28C7596D00C80E3E /* AppDelegate.swift */; };
		CC87558128C7596D00C80E3E /* SceneDelegate.swift in Sources */ = {isa = PBXBuildFile; fileRef = CC87558028C7596D00C80E3E /* SceneDelegate.swift */; };
		CC87558328C7596D00C80E3E /* ViewController.swift in Sources */ = {isa = PBXBuildFile; fileRef = CC87558228C7596D00C80E3E /* ViewController.swift */; };
		CC87558628C7596D00C80E3E /* Main.storyboard in Resources */ = {isa = PBXBuildFile; fileRef = CC87558428C7596D00C80E3E /* Main.storyboard */; };
		CC87558828C7596F00C80E3E /* Assets.xcassets in Resources */ = {isa = PBXBuildFile; fileRef = CC87558728C7596F00C80E3E /* Assets.xcassets */; };
		CC87558B28C7596F00C80E3E /* LaunchScreen.storyboard in Resources */ = {isa = PBXBuildFile; fileRef = CC87558928C7596F00C80E3E /* LaunchScreen.storyboard */; };
		CC87559628C7597000C80E3E /* Get_To_Know_SapceXTests.swift in Sources */ = {isa = PBXBuildFile; fileRef = CC87559528C7597000C80E3E /* Get_To_Know_SapceXTests.swift */; };
		CC8755A028C7597000C80E3E /* Get_To_Know_SapceXUITests.swift in Sources */ = {isa = PBXBuildFile; fileRef = CC87559F28C7597000C80E3E /* Get_To_Know_SapceXUITests.swift */; };
		CC8755A228C7597000C80E3E /* Get_To_Know_SapceXUITestsLaunchTests.swift in Sources */ = {isa = PBXBuildFile; fileRef = CC8755A128C7597000C80E3E /* Get_To_Know_SapceXUITestsLaunchTests.swift */; };
		CC99224428C9CE2800624858 /* MissionDetail_VC.swift in Sources */ = {isa = PBXBuildFile; fileRef = CC99224228C9CE2700624858 /* MissionDetail_VC.swift */; };
		CC99224528C9CE2800624858 /* MissionDetail_VC.xib in Resources */ = {isa = PBXBuildFile; fileRef = CC99224328C9CE2700624858 /* MissionDetail_VC.xib */; };
		CCAF5F2D28CB390400ECC615 /* WikiWeb_VC.swift in Sources */ = {isa = PBXBuildFile; fileRef = CCAF5F2C28CB390400ECC615 /* WikiWeb_VC.swift */; };
		CCBFFC3628CA6459007E4065 /* MissionDetail_VC + Extension.swift in Sources */ = {isa = PBXBuildFile; fileRef = CCBFFC3528CA6459007E4065 /* MissionDetail_VC + Extension.swift */; };
		CCBFFC3928CA7CFC007E4065 /* MissionDetail.swift in Sources */ = {isa = PBXBuildFile; fileRef = CCBFFC3828CA7CFC007E4065 /* MissionDetail.swift */; };
		CCCA3E8B28C9F69A009BD7B3 /* BookmarkButton.swift in Sources */ = {isa = PBXBuildFile; fileRef = CCCA3E8A28C9F69A009BD7B3 /* BookmarkButton.swift */; };
		CCCC89CA28C9282300D0864F /* MissionsTableVCell.swift in Sources */ = {isa = PBXBuildFile; fileRef = CCCC89C828C9282300D0864F /* MissionsTableVCell.swift */; };
		CCCC89CB28C9282300D0864F /* MissionsTableVCell.xib in Resources */ = {isa = PBXBuildFile; fileRef = CCCC89C928C9282300D0864F /* MissionsTableVCell.xib */; };
		CCCC89E528C928DB00D0864F /* UITextField+Extensions.swift in Sources */ = {isa = PBXBuildFile; fileRef = CCCC89E428C928BD00D0864F /* UITextField+Extensions.swift */; };
		CCCC89E628C928DB00D0864F /* GradientLayer.swift in Sources */ = {isa = PBXBuildFile; fileRef = CCCC89DC28C928BD00D0864F /* GradientLayer.swift */; };
		CCCC89E728C928DB00D0864F /* UIApplication+Extensions.swift in Sources */ = {isa = PBXBuildFile; fileRef = CCCC89D828C928BD00D0864F /* UIApplication+Extensions.swift */; };
		CCCC89E828C928DB00D0864F /* UIView+Extensions.swift in Sources */ = {isa = PBXBuildFile; fileRef = CCCC89D328C928BD00D0864F /* UIView+Extensions.swift */; };
		CCCC89E928C928DB00D0864F /* Device.swift in Sources */ = {isa = PBXBuildFile; fileRef = CCCC89E028C928BD00D0864F /* Device.swift */; };
		CCCC89EA28C928DB00D0864F /* Array+Extensions.swift in Sources */ = {isa = PBXBuildFile; fileRef = CCCC89CF28C928BC00D0864F /* Array+Extensions.swift */; };
		CCCC89EB28C928DB00D0864F /* NotificationName + Extension.swift in Sources */ = {isa = PBXBuildFile; fileRef = CCCC89DA28C928BD00D0864F /* NotificationName + Extension.swift */; };
		CCCC89EC28C928DB00D0864F /* UITableView+Extention.swift in Sources */ = {isa = PBXBuildFile; fileRef = CCCC89DD28C928BD00D0864F /* UITableView+Extention.swift */; };
		CCCC89ED28C928DB00D0864F /* Optional+Extensions.swift in Sources */ = {isa = PBXBuildFile; fileRef = CCCC89DE28C928BD00D0864F /* Optional+Extensions.swift */; };
		CCCC89EE28C928DB00D0864F /* TimeInterval.swift in Sources */ = {isa = PBXBuildFile; fileRef = CCCC89E128C928BD00D0864F /* TimeInterval.swift */; };
		CCCC89EF28C928DB00D0864F /* Common+Extensions.swift in Sources */ = {isa = PBXBuildFile; fileRef = CCCC89E228C928BD00D0864F /* Common+Extensions.swift */; };
		CCCC89F028C928DB00D0864F /* Locale+Extensions.swift in Sources */ = {isa = PBXBuildFile; fileRef = CCCC89E328C928BD00D0864F /* Locale+Extensions.swift */; };
		CCCC89F128C928DB00D0864F /* Date_UTC+Extension.swift in Sources */ = {isa = PBXBuildFile; fileRef = CCCC89D928C928BD00D0864F /* Date_UTC+Extension.swift */; };
		CCCC89F228C928DB00D0864F /* Data+Extension.swift in Sources */ = {isa = PBXBuildFile; fileRef = CCCC89DF28C928BD00D0864F /* Data+Extension.swift */; };
		CCCC89F328C928DB00D0864F /* UIAlertController+Extensions.swift in Sources */ = {isa = PBXBuildFile; fileRef = CCCC89DB28C928BD00D0864F /* UIAlertController+Extensions.swift */; };
		CCCC89F428C928DB00D0864F /* UIColor+Extensions.swift in Sources */ = {isa = PBXBuildFile; fileRef = CCCC89D728C928BD00D0864F /* UIColor+Extensions.swift */; };
		CCCC89F528C928DB00D0864F /* UIButton+Extension.swift in Sources */ = {isa = PBXBuildFile; fileRef = CCCC89D528C928BD00D0864F /* UIButton+Extension.swift */; };
		CCCC89F628C928DB00D0864F /* UIViewController+Extensions.swift in Sources */ = {isa = PBXBuildFile; fileRef = CCCC89D228C928BD00D0864F /* UIViewController+Extensions.swift */; };
		CCCC89F728C928DB00D0864F /* Date.swift in Sources */ = {isa = PBXBuildFile; fileRef = CCCC89D128C928BC00D0864F /* Date.swift */; };
		CCCC89F928C928DB00D0864F /* String+Extensions.swift in Sources */ = {isa = PBXBuildFile; fileRef = CCCC89D428C928BD00D0864F /* String+Extensions.swift */; };
		CCCC89FA28C928DB00D0864F /* NavigationBar.swift in Sources */ = {isa = PBXBuildFile; fileRef = CCCC89D628C928BD00D0864F /* NavigationBar.swift */; };
		CCCC89FC28C92AAB00D0864F /* SPXActivityIndicator.swift in Sources */ = {isa = PBXBuildFile; fileRef = CCCC89FB28C92AAB00D0864F /* SPXActivityIndicator.swift */; };
		CCCC89FF28C92DB400D0864F /* SPXBaseViewController.swift in Sources */ = {isa = PBXBuildFile; fileRef = CCCC89FE28C92DB400D0864F /* SPXBaseViewController.swift */; };
		CCCC8A0228C92E0300D0864F /* Missions_VC.swift in Sources */ = {isa = PBXBuildFile; fileRef = CCCC8A0028C92E0300D0864F /* Missions_VC.swift */; };
		CCCC8A0328C92E0300D0864F /* Missions_VC.xib in Resources */ = {isa = PBXBuildFile; fileRef = CCCC8A0128C92E0300D0864F /* Missions_VC.xib */; };
		CCCC8A1528C9340600D0864F /* Roboto-Light.ttf in Resources */ = {isa = PBXBuildFile; fileRef = CCCC8A0A28C933F300D0864F /* Roboto-Light.ttf */; };
		CCCC8A1628C9340600D0864F /* Roboto-Medium.ttf in Resources */ = {isa = PBXBuildFile; fileRef = CCCC8A0928C933F300D0864F /* Roboto-Medium.ttf */; };
		CCCC8A1728C9340600D0864F /* Roboto-BoldItalic.ttf in Resources */ = {isa = PBXBuildFile; fileRef = CCCC8A0E28C933F400D0864F /* Roboto-BoldItalic.ttf */; };
		CCCC8A1828C9340600D0864F /* Roboto-Italic.ttf in Resources */ = {isa = PBXBuildFile; fileRef = CCCC8A1028C933F400D0864F /* Roboto-Italic.ttf */; };
		CCCC8A1928C9340600D0864F /* Roboto-ThinItalic.ttf in Resources */ = {isa = PBXBuildFile; fileRef = CCCC8A0D28C933F300D0864F /* Roboto-ThinItalic.ttf */; };
		CCCC8A1A28C9340600D0864F /* Roboto-LightItalic.ttf in Resources */ = {isa = PBXBuildFile; fileRef = CCCC8A0F28C933F400D0864F /* Roboto-LightItalic.ttf */; };
		CCCC8A1B28C9340600D0864F /* Roboto-Regular.ttf in Resources */ = {isa = PBXBuildFile; fileRef = CCCC8A0B28C933F300D0864F /* Roboto-Regular.ttf */; };
		CCCC8A1C28C9340600D0864F /* Roboto-MediumItalic.ttf in Resources */ = {isa = PBXBuildFile; fileRef = CCCC8A0C28C933F300D0864F /* Roboto-MediumItalic.ttf */; };
		CCCC8A1D28C9340600D0864F /* Roboto-BlackItalic.ttf in Resources */ = {isa = PBXBuildFile; fileRef = CCCC8A1128C933F400D0864F /* Roboto-BlackItalic.ttf */; };
		CCCC8A1E28C9340600D0864F /* Roboto-Bold.ttf in Resources */ = {isa = PBXBuildFile; fileRef = CCCC8A1228C933F400D0864F /* Roboto-Bold.ttf */; };
		CCCC8A1F28C9340600D0864F /* Roboto-Thin.ttf in Resources */ = {isa = PBXBuildFile; fileRef = CCCC8A1328C933F400D0864F /* Roboto-Thin.ttf */; };
		CCCC8A2028C9340600D0864F /* Roboto-Black.ttf in Resources */ = {isa = PBXBuildFile; fileRef = CCCC8A1428C933F400D0864F /* Roboto-Black.ttf */; };
		CCCC8A2228C9363100D0864F /* Missions_VC+Extension.swift in Sources */ = {isa = PBXBuildFile; fileRef = CCCC8A2128C9363100D0864F /* Missions_VC+Extension.swift */; };
		CCCC8A2728C93FE500D0864F /* Util.swift in Sources */ = {isa = PBXBuildFile; fileRef = CCCC8A2628C93FE500D0864F /* Util.swift */; };
		FAC933E539A6C439AE49089B /* Pods_Get_To_Know_SapceX_Get_To_Know_SapceXUITests.framework in Frameworks */ = {isa = PBXBuildFile; fileRef = 031BFE0C1675DCBF2098E02A /* Pods_Get_To_Know_SapceX_Get_To_Know_SapceXUITests.framework */; };
/* End PBXBuildFile section */

/* Begin PBXContainerItemProxy section */
		CC87559228C7596F00C80E3E /* PBXContainerItemProxy */ = {
			isa = PBXContainerItemProxy;
			containerPortal = CC87557328C7596D00C80E3E /* Project object */;
			proxyType = 1;
			remoteGlobalIDString = CC87557A28C7596D00C80E3E;
			remoteInfo = Get_To_Know_SapceX;
		};
		CC87559C28C7597000C80E3E /* PBXContainerItemProxy */ = {
			isa = PBXContainerItemProxy;
			containerPortal = CC87557328C7596D00C80E3E /* Project object */;
			proxyType = 1;
			remoteGlobalIDString = CC87557A28C7596D00C80E3E;
			remoteInfo = Get_To_Know_SapceX;
		};
/* End PBXContainerItemProxy section */

/* Begin PBXFileReference section */
		031BFE0C1675DCBF2098E02A /* Pods_Get_To_Know_SapceX_Get_To_Know_SapceXUITests.framework */ = {isa = PBXFileReference; explicitFileType = wrapper.framework; includeInIndex = 0; path = Pods_Get_To_Know_SapceX_Get_To_Know_SapceXUITests.framework; sourceTree = BUILT_PRODUCTS_DIR; };
		0DBBB38F0D211AD6F29508C8 /* Pods-Get_To_Know_SapceXTests.release.xcconfig */ = {isa = PBXFileReference; includeInIndex = 1; lastKnownFileType = text.xcconfig; name = "Pods-Get_To_Know_SapceXTests.release.xcconfig"; path = "Target Support Files/Pods-Get_To_Know_SapceXTests/Pods-Get_To_Know_SapceXTests.release.xcconfig"; sourceTree = "<group>"; };
		126B023D7C066A67EFA7648B /* Pods-Get_To_Know_SapceX-Get_To_Know_SapceXUITests.release.xcconfig */ = {isa = PBXFileReference; includeInIndex = 1; lastKnownFileType = text.xcconfig; name = "Pods-Get_To_Know_SapceX-Get_To_Know_SapceXUITests.release.xcconfig"; path = "Target Support Files/Pods-Get_To_Know_SapceX-Get_To_Know_SapceXUITests/Pods-Get_To_Know_SapceX-Get_To_Know_SapceXUITests.release.xcconfig"; sourceTree = "<group>"; };
		238B59E42AD50398F5EF9B52 /* Pods-Get_To_Know_SapceXTests.debug.xcconfig */ = {isa = PBXFileReference; includeInIndex = 1; lastKnownFileType = text.xcconfig; name = "Pods-Get_To_Know_SapceXTests.debug.xcconfig"; path = "Target Support Files/Pods-Get_To_Know_SapceXTests/Pods-Get_To_Know_SapceXTests.debug.xcconfig"; sourceTree = "<group>"; };
		3CE3F95782FC4967D70A670D /* Pods-Get_To_Know_SapceX-Get_To_Know_SapceXUITests.debug.xcconfig */ = {isa = PBXFileReference; includeInIndex = 1; lastKnownFileType = text.xcconfig; name = "Pods-Get_To_Know_SapceX-Get_To_Know_SapceXUITests.debug.xcconfig"; path = "Target Support Files/Pods-Get_To_Know_SapceX-Get_To_Know_SapceXUITests/Pods-Get_To_Know_SapceX-Get_To_Know_SapceXUITests.debug.xcconfig"; sourceTree = "<group>"; };
		4B4695914DD918019306AA7E /* Pods_Get_To_Know_SapceX.framework */ = {isa = PBXFileReference; explicitFileType = wrapper.framework; includeInIndex = 0; path = Pods_Get_To_Know_SapceX.framework; sourceTree = BUILT_PRODUCTS_DIR; };
		899957DCEA31B8A0CBBD32D0 /* Pods-Get_To_Know_SapceX.release.xcconfig */ = {isa = PBXFileReference; includeInIndex = 1; lastKnownFileType = text.xcconfig; name = "Pods-Get_To_Know_SapceX.release.xcconfig"; path = "Target Support Files/Pods-Get_To_Know_SapceX/Pods-Get_To_Know_SapceX.release.xcconfig"; sourceTree = "<group>"; };
		CC618CA128CBC04000FEE54C /* DataManager.swift */ = {isa = PBXFileReference; lastKnownFileType = sourcecode.swift; path = DataManager.swift; sourceTree = "<group>"; };
		CC618CA328CBD09700FEE54C /* MissionOffline.swift */ = {isa = PBXFileReference; lastKnownFileType = sourcecode.swift; path = MissionOffline.swift; sourceTree = "<group>"; };
		CC618CA528CBDB0800FEE54C /* Reachibility.swift */ = {isa = PBXFileReference; lastKnownFileType = sourcecode.swift; path = Reachibility.swift; sourceTree = "<group>"; };
		CC7E4F4B28C761E00036A7BE /* Service.swift */ = {isa = PBXFileReference; lastKnownFileType = sourcecode.swift; path = Service.swift; sourceTree = "<group>"; };
		CC7E4F4D28C762100036A7BE /* ServiceHelper.swift */ = {isa = PBXFileReference; lastKnownFileType = sourcecode.swift; path = ServiceHelper.swift; sourceTree = "<group>"; };
		CC7E4F4F28C762450036A7BE /* NetworkError.swift */ = {isa = PBXFileReference; lastKnownFileType = sourcecode.swift; path = NetworkError.swift; sourceTree = "<group>"; };
		CC7E4F5228C762800036A7BE /* HeaderHelper.swift */ = {isa = PBXFileReference; lastKnownFileType = sourcecode.swift; path = HeaderHelper.swift; sourceTree = "<group>"; };
		CC7E4F5428C762AC0036A7BE /* Network+Description.swift */ = {isa = PBXFileReference; lastKnownFileType = sourcecode.swift; path = "Network+Description.swift"; sourceTree = "<group>"; };
		CC7E4F5628C766BF0036A7BE /* AppManager.swift */ = {isa = PBXFileReference; lastKnownFileType = sourcecode.swift; path = AppManager.swift; sourceTree = "<group>"; };
		CC7E4F5A28C767580036A7BE /* SPXTabBarController.swift */ = {isa = PBXFileReference; lastKnownFileType = sourcecode.swift; path = SPXTabBarController.swift; sourceTree = "<group>"; };
		CC7E4F6028C76BCF0036A7BE /* Bookmarks_VC.swift */ = {isa = PBXFileReference; lastKnownFileType = sourcecode.swift; path = Bookmarks_VC.swift; sourceTree = "<group>"; };
		CC7E4F6128C76BCF0036A7BE /* BookMark_VC.xib */ = {isa = PBXFileReference; lastKnownFileType = file.xib; path = BookMark_VC.xib; sourceTree = "<group>"; };
		CC7E4F6428C76D710036A7BE /* HttpMethod.swift */ = {isa = PBXFileReference; lastKnownFileType = sourcecode.swift; path = HttpMethod.swift; sourceTree = "<group>"; };
		CC7E4F6628C76DAE0036A7BE /* Mission.swift */ = {isa = PBXFileReference; lastKnownFileType = sourcecode.swift; path = Mission.swift; sourceTree = "<group>"; };
		CC87557B28C7596D00C80E3E /* Get_To_Know_SapceX.app */ = {isa = PBXFileReference; explicitFileType = wrapper.application; includeInIndex = 0; path = Get_To_Know_SapceX.app; sourceTree = BUILT_PRODUCTS_DIR; };
		CC87557E28C7596D00C80E3E /* AppDelegate.swift */ = {isa = PBXFileReference; lastKnownFileType = sourcecode.swift; path = AppDelegate.swift; sourceTree = "<group>"; };
		CC87558028C7596D00C80E3E /* SceneDelegate.swift */ = {isa = PBXFileReference; lastKnownFileType = sourcecode.swift; path = SceneDelegate.swift; sourceTree = "<group>"; };
		CC87558228C7596D00C80E3E /* ViewController.swift */ = {isa = PBXFileReference; lastKnownFileType = sourcecode.swift; path = ViewController.swift; sourceTree = "<group>"; };
		CC87558528C7596D00C80E3E /* Base */ = {isa = PBXFileReference; lastKnownFileType = file.storyboard; name = Base; path = Base.lproj/Main.storyboard; sourceTree = "<group>"; };
		CC87558728C7596F00C80E3E /* Assets.xcassets */ = {isa = PBXFileReference; lastKnownFileType = folder.assetcatalog; path = Assets.xcassets; sourceTree = "<group>"; };
		CC87558A28C7596F00C80E3E /* Base */ = {isa = PBXFileReference; lastKnownFileType = file.storyboard; name = Base; path = Base.lproj/LaunchScreen.storyboard; sourceTree = "<group>"; };
		CC87558C28C7596F00C80E3E /* Info.plist */ = {isa = PBXFileReference; lastKnownFileType = text.plist.xml; path = Info.plist; sourceTree = "<group>"; };
		CC87559128C7596F00C80E3E /* Get_To_Know_SapceXTests.xctest */ = {isa = PBXFileReference; explicitFileType = wrapper.cfbundle; includeInIndex = 0; path = Get_To_Know_SapceXTests.xctest; sourceTree = BUILT_PRODUCTS_DIR; };
		CC87559528C7597000C80E3E /* Get_To_Know_SapceXTests.swift */ = {isa = PBXFileReference; lastKnownFileType = sourcecode.swift; path = Get_To_Know_SapceXTests.swift; sourceTree = "<group>"; };
		CC87559B28C7597000C80E3E /* Get_To_Know_SapceXUITests.xctest */ = {isa = PBXFileReference; explicitFileType = wrapper.cfbundle; includeInIndex = 0; path = Get_To_Know_SapceXUITests.xctest; sourceTree = BUILT_PRODUCTS_DIR; };
		CC87559F28C7597000C80E3E /* Get_To_Know_SapceXUITests.swift */ = {isa = PBXFileReference; lastKnownFileType = sourcecode.swift; path = Get_To_Know_SapceXUITests.swift; sourceTree = "<group>"; };
		CC8755A128C7597000C80E3E /* Get_To_Know_SapceXUITestsLaunchTests.swift */ = {isa = PBXFileReference; lastKnownFileType = sourcecode.swift; path = Get_To_Know_SapceXUITestsLaunchTests.swift; sourceTree = "<group>"; };
		CC99224228C9CE2700624858 /* MissionDetail_VC.swift */ = {isa = PBXFileReference; lastKnownFileType = sourcecode.swift; path = MissionDetail_VC.swift; sourceTree = "<group>"; };
		CC99224328C9CE2700624858 /* MissionDetail_VC.xib */ = {isa = PBXFileReference; lastKnownFileType = file.xib; path = MissionDetail_VC.xib; sourceTree = "<group>"; };
		CCAF5F2C28CB390400ECC615 /* WikiWeb_VC.swift */ = {isa = PBXFileReference; lastKnownFileType = sourcecode.swift; path = WikiWeb_VC.swift; sourceTree = "<group>"; };
		CCBFFC3528CA6459007E4065 /* MissionDetail_VC + Extension.swift */ = {isa = PBXFileReference; lastKnownFileType = sourcecode.swift; path = "MissionDetail_VC + Extension.swift"; sourceTree = "<group>"; };
		CCBFFC3828CA7CFC007E4065 /* MissionDetail.swift */ = {isa = PBXFileReference; lastKnownFileType = sourcecode.swift; path = MissionDetail.swift; sourceTree = "<group>"; };
		CCCA3E8A28C9F69A009BD7B3 /* BookmarkButton.swift */ = {isa = PBXFileReference; lastKnownFileType = sourcecode.swift; path = BookmarkButton.swift; sourceTree = "<group>"; };
		CCCC89C828C9282300D0864F /* MissionsTableVCell.swift */ = {isa = PBXFileReference; lastKnownFileType = sourcecode.swift; path = MissionsTableVCell.swift; sourceTree = "<group>"; };
		CCCC89C928C9282300D0864F /* MissionsTableVCell.xib */ = {isa = PBXFileReference; lastKnownFileType = file.xib; path = MissionsTableVCell.xib; sourceTree = "<group>"; };
		CCCC89CF28C928BC00D0864F /* Array+Extensions.swift */ = {isa = PBXFileReference; lastKnownFileType = sourcecode.swift; path = "Array+Extensions.swift"; sourceTree = "<group>"; };
		CCCC89D128C928BC00D0864F /* Date.swift */ = {isa = PBXFileReference; lastKnownFileType = sourcecode.swift; path = Date.swift; sourceTree = "<group>"; };
		CCCC89D228C928BD00D0864F /* UIViewController+Extensions.swift */ = {isa = PBXFileReference; lastKnownFileType = sourcecode.swift; path = "UIViewController+Extensions.swift"; sourceTree = "<group>"; };
		CCCC89D328C928BD00D0864F /* UIView+Extensions.swift */ = {isa = PBXFileReference; lastKnownFileType = sourcecode.swift; path = "UIView+Extensions.swift"; sourceTree = "<group>"; };
		CCCC89D428C928BD00D0864F /* String+Extensions.swift */ = {isa = PBXFileReference; lastKnownFileType = sourcecode.swift; path = "String+Extensions.swift"; sourceTree = "<group>"; };
		CCCC89D528C928BD00D0864F /* UIButton+Extension.swift */ = {isa = PBXFileReference; lastKnownFileType = sourcecode.swift; path = "UIButton+Extension.swift"; sourceTree = "<group>"; };
		CCCC89D628C928BD00D0864F /* NavigationBar.swift */ = {isa = PBXFileReference; lastKnownFileType = sourcecode.swift; path = NavigationBar.swift; sourceTree = "<group>"; };
		CCCC89D728C928BD00D0864F /* UIColor+Extensions.swift */ = {isa = PBXFileReference; lastKnownFileType = sourcecode.swift; path = "UIColor+Extensions.swift"; sourceTree = "<group>"; };
		CCCC89D828C928BD00D0864F /* UIApplication+Extensions.swift */ = {isa = PBXFileReference; lastKnownFileType = sourcecode.swift; path = "UIApplication+Extensions.swift"; sourceTree = "<group>"; };
		CCCC89D928C928BD00D0864F /* Date_UTC+Extension.swift */ = {isa = PBXFileReference; lastKnownFileType = sourcecode.swift; path = "Date_UTC+Extension.swift"; sourceTree = "<group>"; };
		CCCC89DA28C928BD00D0864F /* NotificationName + Extension.swift */ = {isa = PBXFileReference; lastKnownFileType = sourcecode.swift; path = "NotificationName + Extension.swift"; sourceTree = "<group>"; };
		CCCC89DB28C928BD00D0864F /* UIAlertController+Extensions.swift */ = {isa = PBXFileReference; lastKnownFileType = sourcecode.swift; path = "UIAlertController+Extensions.swift"; sourceTree = "<group>"; };
		CCCC89DC28C928BD00D0864F /* GradientLayer.swift */ = {isa = PBXFileReference; lastKnownFileType = sourcecode.swift; path = GradientLayer.swift; sourceTree = "<group>"; };
		CCCC89DD28C928BD00D0864F /* UITableView+Extention.swift */ = {isa = PBXFileReference; lastKnownFileType = sourcecode.swift; path = "UITableView+Extention.swift"; sourceTree = "<group>"; };
		CCCC89DE28C928BD00D0864F /* Optional+Extensions.swift */ = {isa = PBXFileReference; lastKnownFileType = sourcecode.swift; path = "Optional+Extensions.swift"; sourceTree = "<group>"; };
		CCCC89DF28C928BD00D0864F /* Data+Extension.swift */ = {isa = PBXFileReference; lastKnownFileType = sourcecode.swift; path = "Data+Extension.swift"; sourceTree = "<group>"; };
		CCCC89E028C928BD00D0864F /* Device.swift */ = {isa = PBXFileReference; lastKnownFileType = sourcecode.swift; path = Device.swift; sourceTree = "<group>"; };
		CCCC89E128C928BD00D0864F /* TimeInterval.swift */ = {isa = PBXFileReference; lastKnownFileType = sourcecode.swift; path = TimeInterval.swift; sourceTree = "<group>"; };
		CCCC89E228C928BD00D0864F /* Common+Extensions.swift */ = {isa = PBXFileReference; lastKnownFileType = sourcecode.swift; path = "Common+Extensions.swift"; sourceTree = "<group>"; };
		CCCC89E328C928BD00D0864F /* Locale+Extensions.swift */ = {isa = PBXFileReference; lastKnownFileType = sourcecode.swift; path = "Locale+Extensions.swift"; sourceTree = "<group>"; };
		CCCC89E428C928BD00D0864F /* UITextField+Extensions.swift */ = {isa = PBXFileReference; lastKnownFileType = sourcecode.swift; path = "UITextField+Extensions.swift"; sourceTree = "<group>"; };
		CCCC89FB28C92AAB00D0864F /* SPXActivityIndicator.swift */ = {isa = PBXFileReference; lastKnownFileType = sourcecode.swift; path = SPXActivityIndicator.swift; sourceTree = "<group>"; };
		CCCC89FE28C92DB400D0864F /* SPXBaseViewController.swift */ = {isa = PBXFileReference; lastKnownFileType = sourcecode.swift; path = SPXBaseViewController.swift; sourceTree = "<group>"; };
		CCCC8A0028C92E0300D0864F /* Missions_VC.swift */ = {isa = PBXFileReference; lastKnownFileType = sourcecode.swift; path = Missions_VC.swift; sourceTree = "<group>"; };
		CCCC8A0128C92E0300D0864F /* Missions_VC.xib */ = {isa = PBXFileReference; lastKnownFileType = file.xib; path = Missions_VC.xib; sourceTree = "<group>"; };
		CCCC8A0928C933F300D0864F /* Roboto-Medium.ttf */ = {isa = PBXFileReference; lastKnownFileType = file; path = "Roboto-Medium.ttf"; sourceTree = "<group>"; };
		CCCC8A0A28C933F300D0864F /* Roboto-Light.ttf */ = {isa = PBXFileReference; lastKnownFileType = file; path = "Roboto-Light.ttf"; sourceTree = "<group>"; };
		CCCC8A0B28C933F300D0864F /* Roboto-Regular.ttf */ = {isa = PBXFileReference; lastKnownFileType = file; path = "Roboto-Regular.ttf"; sourceTree = "<group>"; };
		CCCC8A0C28C933F300D0864F /* Roboto-MediumItalic.ttf */ = {isa = PBXFileReference; lastKnownFileType = file; path = "Roboto-MediumItalic.ttf"; sourceTree = "<group>"; };
		CCCC8A0D28C933F300D0864F /* Roboto-ThinItalic.ttf */ = {isa = PBXFileReference; lastKnownFileType = file; path = "Roboto-ThinItalic.ttf"; sourceTree = "<group>"; };
		CCCC8A0E28C933F400D0864F /* Roboto-BoldItalic.ttf */ = {isa = PBXFileReference; lastKnownFileType = file; path = "Roboto-BoldItalic.ttf"; sourceTree = "<group>"; };
		CCCC8A0F28C933F400D0864F /* Roboto-LightItalic.ttf */ = {isa = PBXFileReference; lastKnownFileType = file; path = "Roboto-LightItalic.ttf"; sourceTree = "<group>"; };
		CCCC8A1028C933F400D0864F /* Roboto-Italic.ttf */ = {isa = PBXFileReference; lastKnownFileType = file; path = "Roboto-Italic.ttf"; sourceTree = "<group>"; };
		CCCC8A1128C933F400D0864F /* Roboto-BlackItalic.ttf */ = {isa = PBXFileReference; lastKnownFileType = file; path = "Roboto-BlackItalic.ttf"; sourceTree = "<group>"; };
		CCCC8A1228C933F400D0864F /* Roboto-Bold.ttf */ = {isa = PBXFileReference; lastKnownFileType = file; path = "Roboto-Bold.ttf"; sourceTree = "<group>"; };
		CCCC8A1328C933F400D0864F /* Roboto-Thin.ttf */ = {isa = PBXFileReference; lastKnownFileType = file; path = "Roboto-Thin.ttf"; sourceTree = "<group>"; };
		CCCC8A1428C933F400D0864F /* Roboto-Black.ttf */ = {isa = PBXFileReference; lastKnownFileType = file; path = "Roboto-Black.ttf"; sourceTree = "<group>"; };
		CCCC8A2128C9363100D0864F /* Missions_VC+Extension.swift */ = {isa = PBXFileReference; lastKnownFileType = sourcecode.swift; path = "Missions_VC+Extension.swift"; sourceTree = "<group>"; };
		CCCC8A2628C93FE500D0864F /* Util.swift */ = {isa = PBXFileReference; lastKnownFileType = sourcecode.swift; path = Util.swift; sourceTree = "<group>"; };
		F5796F167C224C0841CFBCF4 /* Pods_Get_To_Know_SapceXTests.framework */ = {isa = PBXFileReference; explicitFileType = wrapper.framework; includeInIndex = 0; path = Pods_Get_To_Know_SapceXTests.framework; sourceTree = BUILT_PRODUCTS_DIR; };
		F7DF32AECF588BEDA4D1C32B /* Pods-Get_To_Know_SapceX.debug.xcconfig */ = {isa = PBXFileReference; includeInIndex = 1; lastKnownFileType = text.xcconfig; name = "Pods-Get_To_Know_SapceX.debug.xcconfig"; path = "Target Support Files/Pods-Get_To_Know_SapceX/Pods-Get_To_Know_SapceX.debug.xcconfig"; sourceTree = "<group>"; };
/* End PBXFileReference section */

/* Begin PBXFrameworksBuildPhase section */
		CC87557828C7596D00C80E3E /* Frameworks */ = {
			isa = PBXFrameworksBuildPhase;
			buildActionMask = 2147483647;
			files = (
				904EF2D71A41D73A33BA61DA /* Pods_Get_To_Know_SapceX.framework in Frameworks */,
			);
			runOnlyForDeploymentPostprocessing = 0;
		};
		CC87558E28C7596F00C80E3E /* Frameworks */ = {
			isa = PBXFrameworksBuildPhase;
			buildActionMask = 2147483647;
			files = (
				90A3AD000C86F39748A9BE87 /* Pods_Get_To_Know_SapceXTests.framework in Frameworks */,
			);
			runOnlyForDeploymentPostprocessing = 0;
		};
		CC87559828C7597000C80E3E /* Frameworks */ = {
			isa = PBXFrameworksBuildPhase;
			buildActionMask = 2147483647;
			files = (
				FAC933E539A6C439AE49089B /* Pods_Get_To_Know_SapceX_Get_To_Know_SapceXUITests.framework in Frameworks */,
			);
			runOnlyForDeploymentPostprocessing = 0;
		};
/* End PBXFrameworksBuildPhase section */

/* Begin PBXGroup section */
		96AAA6F64E1B73BA87E98F65 /* Pods */ = {
			isa = PBXGroup;
			children = (
				F7DF32AECF588BEDA4D1C32B /* Pods-Get_To_Know_SapceX.debug.xcconfig */,
				899957DCEA31B8A0CBBD32D0 /* Pods-Get_To_Know_SapceX.release.xcconfig */,
				3CE3F95782FC4967D70A670D /* Pods-Get_To_Know_SapceX-Get_To_Know_SapceXUITests.debug.xcconfig */,
				126B023D7C066A67EFA7648B /* Pods-Get_To_Know_SapceX-Get_To_Know_SapceXUITests.release.xcconfig */,
				238B59E42AD50398F5EF9B52 /* Pods-Get_To_Know_SapceXTests.debug.xcconfig */,
				0DBBB38F0D211AD6F29508C8 /* Pods-Get_To_Know_SapceXTests.release.xcconfig */,
			);
			path = Pods;
			sourceTree = "<group>";
		};
		CC0376D628C761120096454C /* Main */ = {
			isa = PBXGroup;
			children = (
				CC87558228C7596D00C80E3E /* ViewController.swift */,
				CC87558928C7596F00C80E3E /* LaunchScreen.storyboard */,
				CC87558428C7596D00C80E3E /* Main.storyboard */,
			);
			path = Main;
			sourceTree = "<group>";
		};
		CC0376D728C761500096454C /* Core */ = {
			isa = PBXGroup;
			children = (
				CCCC89FE28C92DB400D0864F /* SPXBaseViewController.swift */,
				CC7E4F5A28C767580036A7BE /* SPXTabBarController.swift */,
				CC7E4F5628C766BF0036A7BE /* AppManager.swift */,
				CCCC8A2528C93FD300D0864F /* Helper */,
				CC7E4F5128C762570036A7BE /* Network */,
				CCCC89FD28C92AFD00D0864F /* Custom Views */,
			);
			path = Core;
			sourceTree = "<group>";
		};
		CC7E4F5128C762570036A7BE /* Network */ = {
			isa = PBXGroup;
			children = (
				CC7E4F4B28C761E00036A7BE /* Service.swift */,
				CC7E4F4D28C762100036A7BE /* ServiceHelper.swift */,
				CC7E4F4F28C762450036A7BE /* NetworkError.swift */,
				CC7E4F5228C762800036A7BE /* HeaderHelper.swift */,
				CC7E4F5428C762AC0036A7BE /* Network+Description.swift */,
				CC7E4F6428C76D710036A7BE /* HttpMethod.swift */,
			);
			path = Network;
			sourceTree = "<group>";
		};
		CC87557228C7596D00C80E3E = {
			isa = PBXGroup;
			children = (
				CC87557D28C7596D00C80E3E /* Get_To_Know_SapceX */,
				CC87559428C7596F00C80E3E /* Get_To_Know_SapceXTests */,
				CC87559E28C7597000C80E3E /* Get_To_Know_SapceXUITests */,
				CC87557C28C7596D00C80E3E /* Products */,
				96AAA6F64E1B73BA87E98F65 /* Pods */,
				D1D2D6CB9FBA0356836CBD40 /* Frameworks */,
			);
			sourceTree = "<group>";
		};
		CC87557C28C7596D00C80E3E /* Products */ = {
			isa = PBXGroup;
			children = (
				CC87557B28C7596D00C80E3E /* Get_To_Know_SapceX.app */,
				CC87559128C7596F00C80E3E /* Get_To_Know_SapceXTests.xctest */,
				CC87559B28C7597000C80E3E /* Get_To_Know_SapceXUITests.xctest */,
			);
			name = Products;
			sourceTree = "<group>";
		};
		CC87557D28C7596D00C80E3E /* Get_To_Know_SapceX */ = {
			isa = PBXGroup;
			children = (
				CC0376D728C761500096454C /* Core */,
				CCCC89CE28C928BC00D0864F /* Extensions */,
				CCCC89C728C927E700D0864F /* Model */,
				CCCC8A0428C92F6700D0864F /* Scenes */,
				CC0376D628C761120096454C /* Main */,
				CCCC8A0728C933D500D0864F /* Resource */,
				CC87558C28C7596F00C80E3E /* Info.plist */,
				CC87557E28C7596D00C80E3E /* AppDelegate.swift */,
				CC87558028C7596D00C80E3E /* SceneDelegate.swift */,
			);
			path = Get_To_Know_SapceX;
			sourceTree = "<group>";
		};
		CC87559428C7596F00C80E3E /* Get_To_Know_SapceXTests */ = {
			isa = PBXGroup;
			children = (
				CC87559528C7597000C80E3E /* Get_To_Know_SapceXTests.swift */,
			);
			path = Get_To_Know_SapceXTests;
			sourceTree = "<group>";
		};
		CC87559E28C7597000C80E3E /* Get_To_Know_SapceXUITests */ = {
			isa = PBXGroup;
			children = (
				CC87559F28C7597000C80E3E /* Get_To_Know_SapceXUITests.swift */,
				CC8755A128C7597000C80E3E /* Get_To_Know_SapceXUITestsLaunchTests.swift */,
			);
			path = Get_To_Know_SapceXUITests;
			sourceTree = "<group>";
		};
		CC99223F28C9CDCA00624858 /* MissionDetail */ = {
			isa = PBXGroup;
			children = (
				CCBFFC3728CA69BB007E4065 /* Cell */,
				CC99224228C9CE2700624858 /* MissionDetail_VC.swift */,
				CCAF5F2C28CB390400ECC615 /* WikiWeb_VC.swift */,
				CCBFFC3528CA6459007E4065 /* MissionDetail_VC + Extension.swift */,
				CC99224328C9CE2700624858 /* MissionDetail_VC.xib */,
			);
			path = MissionDetail;
			sourceTree = "<group>";
		};
		CCBFFC3728CA69BB007E4065 /* Cell */ = {
			isa = PBXGroup;
			children = (
			);
			path = Cell;
			sourceTree = "<group>";
		};
		CCCC89C728C927E700D0864F /* Model */ = {
			isa = PBXGroup;
			children = (
				CC7E4F6628C76DAE0036A7BE /* Mission.swift */,
				CCBFFC3828CA7CFC007E4065 /* MissionDetail.swift */,
				CC618CA328CBD09700FEE54C /* MissionOffline.swift */,
				CC618CA128CBC04000FEE54C /* DataManager.swift */,
			);
			path = Model;
			sourceTree = "<group>";
		};
		CCCC89CD28C9284100D0864F /* Cell */ = {
			isa = PBXGroup;
			children = (
				CCCC89C828C9282300D0864F /* MissionsTableVCell.swift */,
				CCCC89C928C9282300D0864F /* MissionsTableVCell.xib */,
			);
			path = Cell;
			sourceTree = "<group>";
		};
		CCCC89CE28C928BC00D0864F /* Extensions */ = {
			isa = PBXGroup;
			children = (
				CCCC89CF28C928BC00D0864F /* Array+Extensions.swift */,
				CCCC89D128C928BC00D0864F /* Date.swift */,
				CCCC89D228C928BD00D0864F /* UIViewController+Extensions.swift */,
				CCCC89D328C928BD00D0864F /* UIView+Extensions.swift */,
				CCCC89D428C928BD00D0864F /* String+Extensions.swift */,
				CCCC89D528C928BD00D0864F /* UIButton+Extension.swift */,
				CCCC89D628C928BD00D0864F /* NavigationBar.swift */,
				CCCC89D728C928BD00D0864F /* UIColor+Extensions.swift */,
				CCCC89D828C928BD00D0864F /* UIApplication+Extensions.swift */,
				CCCC89D928C928BD00D0864F /* Date_UTC+Extension.swift */,
				CCCC89DA28C928BD00D0864F /* NotificationName + Extension.swift */,
				CCCC89DB28C928BD00D0864F /* UIAlertController+Extensions.swift */,
				CCCC89DC28C928BD00D0864F /* GradientLayer.swift */,
				CCCC89DD28C928BD00D0864F /* UITableView+Extention.swift */,
				CCCC89DE28C928BD00D0864F /* Optional+Extensions.swift */,
				CCCC89DF28C928BD00D0864F /* Data+Extension.swift */,
				CCCC89E028C928BD00D0864F /* Device.swift */,
				CCCC89E128C928BD00D0864F /* TimeInterval.swift */,
				CCCC89E228C928BD00D0864F /* Common+Extensions.swift */,
				CCCC89E328C928BD00D0864F /* Locale+Extensions.swift */,
				CCCC89E428C928BD00D0864F /* UITextField+Extensions.swift */,
			);
			path = Extensions;
			sourceTree = "<group>";
		};
		CCCC89FD28C92AFD00D0864F /* Custom Views */ = {
			isa = PBXGroup;
			children = (
				CCCC89FB28C92AAB00D0864F /* SPXActivityIndicator.swift */,
				CCCA3E8A28C9F69A009BD7B3 /* BookmarkButton.swift */,
			);
			path = "Custom Views";
			sourceTree = "<group>";
		};
		CCCC8A0428C92F6700D0864F /* Scenes */ = {
			isa = PBXGroup;
			children = (
				CCCC8A0628C92FA600D0864F /* Bookmarks */,
				CCCC8A0528C92F8000D0864F /* Missions */,
				CC99223F28C9CDCA00624858 /* MissionDetail */,
			);
			path = Scenes;
			sourceTree = "<group>";
		};
		CCCC8A0528C92F8000D0864F /* Missions */ = {
			isa = PBXGroup;
			children = (
				CCCC89CD28C9284100D0864F /* Cell */,
				CCCC8A0028C92E0300D0864F /* Missions_VC.swift */,
				CCCC8A2128C9363100D0864F /* Missions_VC+Extension.swift */,
				CCCC8A0128C92E0300D0864F /* Missions_VC.xib */,
			);
			path = Missions;
			sourceTree = "<group>";
		};
		CCCC8A0628C92FA600D0864F /* Bookmarks */ = {
			isa = PBXGroup;
			children = (
				CC7E4F6028C76BCF0036A7BE /* Bookmarks_VC.swift */,
				CC7E4F6128C76BCF0036A7BE /* BookMark_VC.xib */,
			);
			path = Bookmarks;
			sourceTree = "<group>";
		};
		CCCC8A0728C933D500D0864F /* Resource */ = {
			isa = PBXGroup;
			children = (
				CC87558728C7596F00C80E3E /* Assets.xcassets */,
				CCCC8A0828C933F300D0864F /* Font */,
			);
			path = Resource;
			sourceTree = "<group>";
		};
		CCCC8A0828C933F300D0864F /* Font */ = {
			isa = PBXGroup;
			children = (
				CCCC8A0928C933F300D0864F /* Roboto-Medium.ttf */,
				CCCC8A0A28C933F300D0864F /* Roboto-Light.ttf */,
				CCCC8A0B28C933F300D0864F /* Roboto-Regular.ttf */,
				CCCC8A0C28C933F300D0864F /* Roboto-MediumItalic.ttf */,
				CCCC8A0D28C933F300D0864F /* Roboto-ThinItalic.ttf */,
				CCCC8A0E28C933F400D0864F /* Roboto-BoldItalic.ttf */,
				CCCC8A0F28C933F400D0864F /* Roboto-LightItalic.ttf */,
				CCCC8A1028C933F400D0864F /* Roboto-Italic.ttf */,
				CCCC8A1128C933F400D0864F /* Roboto-BlackItalic.ttf */,
				CCCC8A1228C933F400D0864F /* Roboto-Bold.ttf */,
				CCCC8A1328C933F400D0864F /* Roboto-Thin.ttf */,
				CCCC8A1428C933F400D0864F /* Roboto-Black.ttf */,
			);
			path = Font;
			sourceTree = "<group>";
		};
		CCCC8A2528C93FD300D0864F /* Helper */ = {
			isa = PBXGroup;
			children = (
				CCCC8A2628C93FE500D0864F /* Util.swift */,
				CC618CA528CBDB0800FEE54C /* Reachibility.swift */,
			);
			path = Helper;
			sourceTree = "<group>";
		};
		D1D2D6CB9FBA0356836CBD40 /* Frameworks */ = {
			isa = PBXGroup;
			children = (
				4B4695914DD918019306AA7E /* Pods_Get_To_Know_SapceX.framework */,
				031BFE0C1675DCBF2098E02A /* Pods_Get_To_Know_SapceX_Get_To_Know_SapceXUITests.framework */,
				F5796F167C224C0841CFBCF4 /* Pods_Get_To_Know_SapceXTests.framework */,
			);
			name = Frameworks;
			sourceTree = "<group>";
		};
/* End PBXGroup section */

/* Begin PBXNativeTarget section */
		CC87557A28C7596D00C80E3E /* Get_To_Know_SapceX */ = {
			isa = PBXNativeTarget;
			buildConfigurationList = CC8755A528C7597000C80E3E /* Build configuration list for PBXNativeTarget "Get_To_Know_SapceX" */;
			buildPhases = (
				8888A888BF32D16AE1262BE1 /* [CP] Check Pods Manifest.lock */,
				CC87557728C7596D00C80E3E /* Sources */,
				CC87557828C7596D00C80E3E /* Frameworks */,
				CC87557928C7596D00C80E3E /* Resources */,
				52A69B0E1153DCFE5339ED7D /* [CP] Embed Pods Frameworks */,
			);
			buildRules = (
			);
			dependencies = (
			);
			name = Get_To_Know_SapceX;
			productName = Get_To_Know_SapceX;
			productReference = CC87557B28C7596D00C80E3E /* Get_To_Know_SapceX.app */;
			productType = "com.apple.product-type.application";
		};
		CC87559028C7596F00C80E3E /* Get_To_Know_SapceXTests */ = {
			isa = PBXNativeTarget;
			buildConfigurationList = CC8755A828C7597000C80E3E /* Build configuration list for PBXNativeTarget "Get_To_Know_SapceXTests" */;
			buildPhases = (
				F1EC31AFF2ED31EE23B0A219 /* [CP] Check Pods Manifest.lock */,
				CC87558D28C7596F00C80E3E /* Sources */,
				CC87558E28C7596F00C80E3E /* Frameworks */,
				CC87558F28C7596F00C80E3E /* Resources */,
			);
			buildRules = (
			);
			dependencies = (
				CC87559328C7596F00C80E3E /* PBXTargetDependency */,
			);
			name = Get_To_Know_SapceXTests;
			productName = Get_To_Know_SapceXTests;
			productReference = CC87559128C7596F00C80E3E /* Get_To_Know_SapceXTests.xctest */;
			productType = "com.apple.product-type.bundle.unit-test";
		};
		CC87559A28C7597000C80E3E /* Get_To_Know_SapceXUITests */ = {
			isa = PBXNativeTarget;
			buildConfigurationList = CC8755AB28C7597000C80E3E /* Build configuration list for PBXNativeTarget "Get_To_Know_SapceXUITests" */;
			buildPhases = (
				BB32DAC8D2EE79B6A7850B06 /* [CP] Check Pods Manifest.lock */,
				CC87559728C7597000C80E3E /* Sources */,
				CC87559828C7597000C80E3E /* Frameworks */,
				CC87559928C7597000C80E3E /* Resources */,
				20F77D4647781FE526337ECD /* [CP] Embed Pods Frameworks */,
			);
			buildRules = (
			);
			dependencies = (
				CC87559D28C7597000C80E3E /* PBXTargetDependency */,
			);
			name = Get_To_Know_SapceXUITests;
			productName = Get_To_Know_SapceXUITests;
			productReference = CC87559B28C7597000C80E3E /* Get_To_Know_SapceXUITests.xctest */;
			productType = "com.apple.product-type.bundle.ui-testing";
		};
/* End PBXNativeTarget section */

/* Begin PBXProject section */
		CC87557328C7596D00C80E3E /* Project object */ = {
			isa = PBXProject;
			attributes = {
				BuildIndependentTargetsInParallel = 1;
				LastSwiftUpdateCheck = 1340;
				LastUpgradeCheck = 1340;
				TargetAttributes = {
					CC87557A28C7596D00C80E3E = {
						CreatedOnToolsVersion = 13.4.1;
					};
					CC87559028C7596F00C80E3E = {
						CreatedOnToolsVersion = 13.4.1;
						TestTargetID = CC87557A28C7596D00C80E3E;
					};
					CC87559A28C7597000C80E3E = {
						CreatedOnToolsVersion = 13.4.1;
						TestTargetID = CC87557A28C7596D00C80E3E;
					};
				};
			};
			buildConfigurationList = CC87557628C7596D00C80E3E /* Build configuration list for PBXProject "Get_To_Know_SapceX" */;
			compatibilityVersion = "Xcode 13.0";
			developmentRegion = en;
			hasScannedForEncodings = 0;
			knownRegions = (
				en,
				Base,
			);
			mainGroup = CC87557228C7596D00C80E3E;
			productRefGroup = CC87557C28C7596D00C80E3E /* Products */;
			projectDirPath = "";
			projectRoot = "";
			targets = (
				CC87557A28C7596D00C80E3E /* Get_To_Know_SapceX */,
				CC87559028C7596F00C80E3E /* Get_To_Know_SapceXTests */,
				CC87559A28C7597000C80E3E /* Get_To_Know_SapceXUITests */,
			);
		};
/* End PBXProject section */

/* Begin PBXResourcesBuildPhase section */
		CC87557928C7596D00C80E3E /* Resources */ = {
			isa = PBXResourcesBuildPhase;
			buildActionMask = 2147483647;
			files = (
				CCCC8A1728C9340600D0864F /* Roboto-BoldItalic.ttf in Resources */,
				CCCC8A1628C9340600D0864F /* Roboto-Medium.ttf in Resources */,
				CCCC8A1F28C9340600D0864F /* Roboto-Thin.ttf in Resources */,
				CCCC8A1A28C9340600D0864F /* Roboto-LightItalic.ttf in Resources */,
				CCCC89CB28C9282300D0864F /* MissionsTableVCell.xib in Resources */,
				CCCC8A2028C9340600D0864F /* Roboto-Black.ttf in Resources */,
				CCCC8A1C28C9340600D0864F /* Roboto-MediumItalic.ttf in Resources */,
				CCCC8A1928C9340600D0864F /* Roboto-ThinItalic.ttf in Resources */,
				CCCC8A0328C92E0300D0864F /* Missions_VC.xib in Resources */,
				CCCC8A1D28C9340600D0864F /* Roboto-BlackItalic.ttf in Resources */,
				CC7E4F6328C76BCF0036A7BE /* BookMark_VC.xib in Resources */,
				CC87558B28C7596F00C80E3E /* LaunchScreen.storyboard in Resources */,
				CCCC8A1528C9340600D0864F /* Roboto-Light.ttf in Resources */,
				CCCC8A1828C9340600D0864F /* Roboto-Italic.ttf in Resources */,
				CCCC8A1B28C9340600D0864F /* Roboto-Regular.ttf in Resources */,
				CC87558828C7596F00C80E3E /* Assets.xcassets in Resources */,
				CC99224528C9CE2800624858 /* MissionDetail_VC.xib in Resources */,
				CCCC8A1E28C9340600D0864F /* Roboto-Bold.ttf in Resources */,
				CC87558628C7596D00C80E3E /* Main.storyboard in Resources */,
			);
			runOnlyForDeploymentPostprocessing = 0;
		};
		CC87558F28C7596F00C80E3E /* Resources */ = {
			isa = PBXResourcesBuildPhase;
			buildActionMask = 2147483647;
			files = (
			);
			runOnlyForDeploymentPostprocessing = 0;
		};
		CC87559928C7597000C80E3E /* Resources */ = {
			isa = PBXResourcesBuildPhase;
			buildActionMask = 2147483647;
			files = (
			);
			runOnlyForDeploymentPostprocessing = 0;
		};
/* End PBXResourcesBuildPhase section */

/* Begin PBXShellScriptBuildPhase section */
		20F77D4647781FE526337ECD /* [CP] Embed Pods Frameworks */ = {
			isa = PBXShellScriptBuildPhase;
			buildActionMask = 2147483647;
			files = (
			);
			inputFileListPaths = (
				"${PODS_ROOT}/Target Support Files/Pods-Get_To_Know_SapceX-Get_To_Know_SapceXUITests/Pods-Get_To_Know_SapceX-Get_To_Know_SapceXUITests-frameworks-${CONFIGURATION}-input-files.xcfilelist",
			);
			name = "[CP] Embed Pods Frameworks";
			outputFileListPaths = (
				"${PODS_ROOT}/Target Support Files/Pods-Get_To_Know_SapceX-Get_To_Know_SapceXUITests/Pods-Get_To_Know_SapceX-Get_To_Know_SapceXUITests-frameworks-${CONFIGURATION}-output-files.xcfilelist",
			);
			runOnlyForDeploymentPostprocessing = 0;
			shellPath = /bin/sh;
			shellScript = "\"${PODS_ROOT}/Target Support Files/Pods-Get_To_Know_SapceX-Get_To_Know_SapceXUITests/Pods-Get_To_Know_SapceX-Get_To_Know_SapceXUITests-frameworks.sh\"\n";
			showEnvVarsInLog = 0;
		};
		52A69B0E1153DCFE5339ED7D /* [CP] Embed Pods Frameworks */ = {
			isa = PBXShellScriptBuildPhase;
			buildActionMask = 2147483647;
			files = (
			);
			inputFileListPaths = (
				"${PODS_ROOT}/Target Support Files/Pods-Get_To_Know_SapceX/Pods-Get_To_Know_SapceX-frameworks-${CONFIGURATION}-input-files.xcfilelist",
			);
			name = "[CP] Embed Pods Frameworks";
			outputFileListPaths = (
				"${PODS_ROOT}/Target Support Files/Pods-Get_To_Know_SapceX/Pods-Get_To_Know_SapceX-frameworks-${CONFIGURATION}-output-files.xcfilelist",
			);
			runOnlyForDeploymentPostprocessing = 0;
			shellPath = /bin/sh;
			shellScript = "\"${PODS_ROOT}/Target Support Files/Pods-Get_To_Know_SapceX/Pods-Get_To_Know_SapceX-frameworks.sh\"\n";
			showEnvVarsInLog = 0;
		};
		8888A888BF32D16AE1262BE1 /* [CP] Check Pods Manifest.lock */ = {
			isa = PBXShellScriptBuildPhase;
			buildActionMask = 2147483647;
			files = (
			);
			inputFileListPaths = (
			);
			inputPaths = (
				"${PODS_PODFILE_DIR_PATH}/Podfile.lock",
				"${PODS_ROOT}/Manifest.lock",
			);
			name = "[CP] Check Pods Manifest.lock";
			outputFileListPaths = (
			);
			outputPaths = (
				"$(DERIVED_FILE_DIR)/Pods-Get_To_Know_SapceX-checkManifestLockResult.txt",
			);
			runOnlyForDeploymentPostprocessing = 0;
			shellPath = /bin/sh;
			shellScript = "diff \"${PODS_PODFILE_DIR_PATH}/Podfile.lock\" \"${PODS_ROOT}/Manifest.lock\" > /dev/null\nif [ $? != 0 ] ; then\n    # print error to STDERR\n    echo \"error: The sandbox is not in sync with the Podfile.lock. Run 'pod install' or update your CocoaPods installation.\" >&2\n    exit 1\nfi\n# This output is used by Xcode 'outputs' to avoid re-running this script phase.\necho \"SUCCESS\" > \"${SCRIPT_OUTPUT_FILE_0}\"\n";
			showEnvVarsInLog = 0;
		};
		BB32DAC8D2EE79B6A7850B06 /* [CP] Check Pods Manifest.lock */ = {
			isa = PBXShellScriptBuildPhase;
			buildActionMask = 2147483647;
			files = (
			);
			inputFileListPaths = (
			);
			inputPaths = (
				"${PODS_PODFILE_DIR_PATH}/Podfile.lock",
				"${PODS_ROOT}/Manifest.lock",
			);
			name = "[CP] Check Pods Manifest.lock";
			outputFileListPaths = (
			);
			outputPaths = (
				"$(DERIVED_FILE_DIR)/Pods-Get_To_Know_SapceX-Get_To_Know_SapceXUITests-checkManifestLockResult.txt",
			);
			runOnlyForDeploymentPostprocessing = 0;
			shellPath = /bin/sh;
			shellScript = "diff \"${PODS_PODFILE_DIR_PATH}/Podfile.lock\" \"${PODS_ROOT}/Manifest.lock\" > /dev/null\nif [ $? != 0 ] ; then\n    # print error to STDERR\n    echo \"error: The sandbox is not in sync with the Podfile.lock. Run 'pod install' or update your CocoaPods installation.\" >&2\n    exit 1\nfi\n# This output is used by Xcode 'outputs' to avoid re-running this script phase.\necho \"SUCCESS\" > \"${SCRIPT_OUTPUT_FILE_0}\"\n";
			showEnvVarsInLog = 0;
		};
		F1EC31AFF2ED31EE23B0A219 /* [CP] Check Pods Manifest.lock */ = {
			isa = PBXShellScriptBuildPhase;
			buildActionMask = 2147483647;
			files = (
			);
			inputFileListPaths = (
			);
			inputPaths = (
				"${PODS_PODFILE_DIR_PATH}/Podfile.lock",
				"${PODS_ROOT}/Manifest.lock",
			);
			name = "[CP] Check Pods Manifest.lock";
			outputFileListPaths = (
			);
			outputPaths = (
				"$(DERIVED_FILE_DIR)/Pods-Get_To_Know_SapceXTests-checkManifestLockResult.txt",
			);
			runOnlyForDeploymentPostprocessing = 0;
			shellPath = /bin/sh;
			shellScript = "diff \"${PODS_PODFILE_DIR_PATH}/Podfile.lock\" \"${PODS_ROOT}/Manifest.lock\" > /dev/null\nif [ $? != 0 ] ; then\n    # print error to STDERR\n    echo \"error: The sandbox is not in sync with the Podfile.lock. Run 'pod install' or update your CocoaPods installation.\" >&2\n    exit 1\nfi\n# This output is used by Xcode 'outputs' to avoid re-running this script phase.\necho \"SUCCESS\" > \"${SCRIPT_OUTPUT_FILE_0}\"\n";
			showEnvVarsInLog = 0;
		};
/* End PBXShellScriptBuildPhase section */

/* Begin PBXSourcesBuildPhase section */
		CC87557728C7596D00C80E3E /* Sources */ = {
			isa = PBXSourcesBuildPhase;
			buildActionMask = 2147483647;
			files = (
				CC7E4F4E28C762100036A7BE /* ServiceHelper.swift in Sources */,
				CC87558328C7596D00C80E3E /* ViewController.swift in Sources */,
				CCCC89E728C928DB00D0864F /* UIApplication+Extensions.swift in Sources */,
				CC618CA228CBC04000FEE54C /* DataManager.swift in Sources */,
				CCCC89EC28C928DB00D0864F /* UITableView+Extention.swift in Sources */,
				CCCC89F928C928DB00D0864F /* String+Extensions.swift in Sources */,
				CC7E4F6528C76D710036A7BE /* HttpMethod.swift in Sources */,
				CC7E4F5B28C767580036A7BE /* SPXTabBarController.swift in Sources */,
				CC618CA428CBD09700FEE54C /* MissionOffline.swift in Sources */,
				CCCC89E628C928DB00D0864F /* GradientLayer.swift in Sources */,
				CCCC89FC28C92AAB00D0864F /* SPXActivityIndicator.swift in Sources */,
				CCCC8A2228C9363100D0864F /* Missions_VC+Extension.swift in Sources */,
				CCCC89F228C928DB00D0864F /* Data+Extension.swift in Sources */,
				CC7E4F4C28C761E00036A7BE /* Service.swift in Sources */,
				CCCC89CA28C9282300D0864F /* MissionsTableVCell.swift in Sources */,
				CCCC89F328C928DB00D0864F /* UIAlertController+Extensions.swift in Sources */,
				CCCC89FF28C92DB400D0864F /* SPXBaseViewController.swift in Sources */,
				CC7E4F5028C762450036A7BE /* NetworkError.swift in Sources */,
				CCCC89F428C928DB00D0864F /* UIColor+Extensions.swift in Sources */,
				CC7E4F5328C762800036A7BE /* HeaderHelper.swift in Sources */,
				CCCC89EA28C928DB00D0864F /* Array+Extensions.swift in Sources */,
				CCCC89F128C928DB00D0864F /* Date_UTC+Extension.swift in Sources */,
				CC7E4F6728C76DAE0036A7BE /* Mission.swift in Sources */,
				CCCC89ED28C928DB00D0864F /* Optional+Extensions.swift in Sources */,
				CCCC89E528C928DB00D0864F /* UITextField+Extensions.swift in Sources */,
				CCCC89EB28C928DB00D0864F /* NotificationName + Extension.swift in Sources */,
				CC99224428C9CE2800624858 /* MissionDetail_VC.swift in Sources */,
				CCCC89EF28C928DB00D0864F /* Common+Extensions.swift in Sources */,
				CCCC89F528C928DB00D0864F /* UIButton+Extension.swift in Sources */,
				CCCC89EE28C928DB00D0864F /* TimeInterval.swift in Sources */,
				CCCC8A2728C93FE500D0864F /* Util.swift in Sources */,
				CCCA3E8B28C9F69A009BD7B3 /* BookmarkButton.swift in Sources */,
				CCCC89F728C928DB00D0864F /* Date.swift in Sources */,
				CCCC89E828C928DB00D0864F /* UIView+Extensions.swift in Sources */,
				CC7E4F6228C76BCF0036A7BE /* Bookmarks_VC.swift in Sources */,
				CCCC8A0228C92E0300D0864F /* Missions_VC.swift in Sources */,
				CCCC89F028C928DB00D0864F /* Locale+Extensions.swift in Sources */,
				CCBFFC3628CA6459007E4065 /* MissionDetail_VC + Extension.swift in Sources */,
				CC618CA628CBDB0800FEE54C /* Reachibility.swift in Sources */,
				CC7E4F5528C762AC0036A7BE /* Network+Description.swift in Sources */,
				CCCC89F628C928DB00D0864F /* UIViewController+Extensions.swift in Sources */,
				CC7E4F5728C766BF0036A7BE /* AppManager.swift in Sources */,
				CCBFFC3928CA7CFC007E4065 /* MissionDetail.swift in Sources */,
				CC87557F28C7596D00C80E3E /* AppDelegate.swift in Sources */,
				CC87558128C7596D00C80E3E /* SceneDelegate.swift in Sources */,
				CCCC89FA28C928DB00D0864F /* NavigationBar.swift in Sources */,
				CCAF5F2D28CB390400ECC615 /* WikiWeb_VC.swift in Sources */,
				CCCC89E928C928DB00D0864F /* Device.swift in Sources */,
			);
			runOnlyForDeploymentPostprocessing = 0;
		};
		CC87558D28C7596F00C80E3E /* Sources */ = {
			isa = PBXSourcesBuildPhase;
			buildActionMask = 2147483647;
			files = (
				CC87559628C7597000C80E3E /* Get_To_Know_SapceXTests.swift in Sources */,
			);
			runOnlyForDeploymentPostprocessing = 0;
		};
		CC87559728C7597000C80E3E /* Sources */ = {
			isa = PBXSourcesBuildPhase;
			buildActionMask = 2147483647;
			files = (
				CC8755A028C7597000C80E3E /* Get_To_Know_SapceXUITests.swift in Sources */,
				CC8755A228C7597000C80E3E /* Get_To_Know_SapceXUITestsLaunchTests.swift in Sources */,
			);
			runOnlyForDeploymentPostprocessing = 0;
		};
/* End PBXSourcesBuildPhase section */

/* Begin PBXTargetDependency section */
		CC87559328C7596F00C80E3E /* PBXTargetDependency */ = {
			isa = PBXTargetDependency;
			target = CC87557A28C7596D00C80E3E /* Get_To_Know_SapceX */;
			targetProxy = CC87559228C7596F00C80E3E /* PBXContainerItemProxy */;
		};
		CC87559D28C7597000C80E3E /* PBXTargetDependency */ = {
			isa = PBXTargetDependency;
			target = CC87557A28C7596D00C80E3E /* Get_To_Know_SapceX */;
			targetProxy = CC87559C28C7597000C80E3E /* PBXContainerItemProxy */;
		};
/* End PBXTargetDependency section */

/* Begin PBXVariantGroup section */
		CC87558428C7596D00C80E3E /* Main.storyboard */ = {
			isa = PBXVariantGroup;
			children = (
				CC87558528C7596D00C80E3E /* Base */,
			);
			name = Main.storyboard;
			sourceTree = "<group>";
		};
		CC87558928C7596F00C80E3E /* LaunchScreen.storyboard */ = {
			isa = PBXVariantGroup;
			children = (
				CC87558A28C7596F00C80E3E /* Base */,
			);
			name = LaunchScreen.storyboard;
			sourceTree = "<group>";
		};
/* End PBXVariantGroup section */

/* Begin XCBuildConfiguration section */
		CC8755A328C7597000C80E3E /* Debug */ = {
			isa = XCBuildConfiguration;
			buildSettings = {
				ALWAYS_SEARCH_USER_PATHS = NO;
				CLANG_ANALYZER_NONNULL = YES;
				CLANG_ANALYZER_NUMBER_OBJECT_CONVERSION = YES_AGGRESSIVE;
				CLANG_CXX_LANGUAGE_STANDARD = "gnu++17";
				CLANG_ENABLE_MODULES = YES;
				CLANG_ENABLE_OBJC_ARC = YES;
				CLANG_ENABLE_OBJC_WEAK = YES;
				CLANG_WARN_BLOCK_CAPTURE_AUTORELEASING = YES;
				CLANG_WARN_BOOL_CONVERSION = YES;
				CLANG_WARN_COMMA = YES;
				CLANG_WARN_CONSTANT_CONVERSION = YES;
				CLANG_WARN_DEPRECATED_OBJC_IMPLEMENTATIONS = YES;
				CLANG_WARN_DIRECT_OBJC_ISA_USAGE = YES_ERROR;
				CLANG_WARN_DOCUMENTATION_COMMENTS = YES;
				CLANG_WARN_EMPTY_BODY = YES;
				CLANG_WARN_ENUM_CONVERSION = YES;
				CLANG_WARN_INFINITE_RECURSION = YES;
				CLANG_WARN_INT_CONVERSION = YES;
				CLANG_WARN_NON_LITERAL_NULL_CONVERSION = YES;
				CLANG_WARN_OBJC_IMPLICIT_RETAIN_SELF = YES;
				CLANG_WARN_OBJC_LITERAL_CONVERSION = YES;
				CLANG_WARN_OBJC_ROOT_CLASS = YES_ERROR;
				CLANG_WARN_QUOTED_INCLUDE_IN_FRAMEWORK_HEADER = YES;
				CLANG_WARN_RANGE_LOOP_ANALYSIS = YES;
				CLANG_WARN_STRICT_PROTOTYPES = YES;
				CLANG_WARN_SUSPICIOUS_MOVE = YES;
				CLANG_WARN_UNGUARDED_AVAILABILITY = YES_AGGRESSIVE;
				CLANG_WARN_UNREACHABLE_CODE = YES;
				CLANG_WARN__DUPLICATE_METHOD_MATCH = YES;
				COPY_PHASE_STRIP = NO;
				DEBUG_INFORMATION_FORMAT = dwarf;
				ENABLE_STRICT_OBJC_MSGSEND = YES;
				ENABLE_TESTABILITY = YES;
				GCC_C_LANGUAGE_STANDARD = gnu11;
				GCC_DYNAMIC_NO_PIC = NO;
				GCC_NO_COMMON_BLOCKS = YES;
				GCC_OPTIMIZATION_LEVEL = 0;
				GCC_PREPROCESSOR_DEFINITIONS = (
					"DEBUG=1",
					"$(inherited)",
				);
				GCC_WARN_64_TO_32_BIT_CONVERSION = YES;
				GCC_WARN_ABOUT_RETURN_TYPE = YES_ERROR;
				GCC_WARN_UNDECLARED_SELECTOR = YES;
				GCC_WARN_UNINITIALIZED_AUTOS = YES_AGGRESSIVE;
				GCC_WARN_UNUSED_FUNCTION = YES;
				GCC_WARN_UNUSED_VARIABLE = YES;
				IPHONEOS_DEPLOYMENT_TARGET = 15.5;
				MTL_ENABLE_DEBUG_INFO = INCLUDE_SOURCE;
				MTL_FAST_MATH = YES;
				ONLY_ACTIVE_ARCH = YES;
				SDKROOT = iphoneos;
				SWIFT_ACTIVE_COMPILATION_CONDITIONS = DEBUG;
				SWIFT_OPTIMIZATION_LEVEL = "-Onone";
			};
			name = Debug;
		};
		CC8755A428C7597000C80E3E /* Release */ = {
			isa = XCBuildConfiguration;
			buildSettings = {
				ALWAYS_SEARCH_USER_PATHS = NO;
				CLANG_ANALYZER_NONNULL = YES;
				CLANG_ANALYZER_NUMBER_OBJECT_CONVERSION = YES_AGGRESSIVE;
				CLANG_CXX_LANGUAGE_STANDARD = "gnu++17";
				CLANG_ENABLE_MODULES = YES;
				CLANG_ENABLE_OBJC_ARC = YES;
				CLANG_ENABLE_OBJC_WEAK = YES;
				CLANG_WARN_BLOCK_CAPTURE_AUTORELEASING = YES;
				CLANG_WARN_BOOL_CONVERSION = YES;
				CLANG_WARN_COMMA = YES;
				CLANG_WARN_CONSTANT_CONVERSION = YES;
				CLANG_WARN_DEPRECATED_OBJC_IMPLEMENTATIONS = YES;
				CLANG_WARN_DIRECT_OBJC_ISA_USAGE = YES_ERROR;
				CLANG_WARN_DOCUMENTATION_COMMENTS = YES;
				CLANG_WARN_EMPTY_BODY = YES;
				CLANG_WARN_ENUM_CONVERSION = YES;
				CLANG_WARN_INFINITE_RECURSION = YES;
				CLANG_WARN_INT_CONVERSION = YES;
				CLANG_WARN_NON_LITERAL_NULL_CONVERSION = YES;
				CLANG_WARN_OBJC_IMPLICIT_RETAIN_SELF = YES;
				CLANG_WARN_OBJC_LITERAL_CONVERSION = YES;
				CLANG_WARN_OBJC_ROOT_CLASS = YES_ERROR;
				CLANG_WARN_QUOTED_INCLUDE_IN_FRAMEWORK_HEADER = YES;
				CLANG_WARN_RANGE_LOOP_ANALYSIS = YES;
				CLANG_WARN_STRICT_PROTOTYPES = YES;
				CLANG_WARN_SUSPICIOUS_MOVE = YES;
				CLANG_WARN_UNGUARDED_AVAILABILITY = YES_AGGRESSIVE;
				CLANG_WARN_UNREACHABLE_CODE = YES;
				CLANG_WARN__DUPLICATE_METHOD_MATCH = YES;
				COPY_PHASE_STRIP = NO;
				DEBUG_INFORMATION_FORMAT = "dwarf-with-dsym";
				ENABLE_NS_ASSERTIONS = NO;
				ENABLE_STRICT_OBJC_MSGSEND = YES;
				GCC_C_LANGUAGE_STANDARD = gnu11;
				GCC_NO_COMMON_BLOCKS = YES;
				GCC_WARN_64_TO_32_BIT_CONVERSION = YES;
				GCC_WARN_ABOUT_RETURN_TYPE = YES_ERROR;
				GCC_WARN_UNDECLARED_SELECTOR = YES;
				GCC_WARN_UNINITIALIZED_AUTOS = YES_AGGRESSIVE;
				GCC_WARN_UNUSED_FUNCTION = YES;
				GCC_WARN_UNUSED_VARIABLE = YES;
				IPHONEOS_DEPLOYMENT_TARGET = 15.5;
				MTL_ENABLE_DEBUG_INFO = NO;
				MTL_FAST_MATH = YES;
				SDKROOT = iphoneos;
				SWIFT_COMPILATION_MODE = wholemodule;
				SWIFT_OPTIMIZATION_LEVEL = "-O";
				VALIDATE_PRODUCT = YES;
			};
			name = Release;
		};
		CC8755A628C7597000C80E3E /* Debug */ = {
			isa = XCBuildConfiguration;
			baseConfigurationReference = F7DF32AECF588BEDA4D1C32B /* Pods-Get_To_Know_SapceX.debug.xcconfig */;
			buildSettings = {
				ASSETCATALOG_COMPILER_APPICON_NAME = AppIcon;
				ASSETCATALOG_COMPILER_GLOBAL_ACCENT_COLOR_NAME = AccentColor;
				CODE_SIGN_STYLE = Automatic;
				CURRENT_PROJECT_VERSION = 1;
				DEVELOPMENT_TEAM = G5V28598P5;
				GENERATE_INFOPLIST_FILE = YES;
				INFOPLIST_FILE = Get_To_Know_SapceX/Info.plist;
				INFOPLIST_KEY_UIApplicationSupportsIndirectInputEvents = YES;
				INFOPLIST_KEY_UILaunchStoryboardName = LaunchScreen;
				INFOPLIST_KEY_UIMainStoryboardFile = Main;
				INFOPLIST_KEY_UISupportedInterfaceOrientations_iPad = "UIInterfaceOrientationPortrait UIInterfaceOrientationPortraitUpsideDown UIInterfaceOrientationLandscapeLeft UIInterfaceOrientationLandscapeRight";
				INFOPLIST_KEY_UISupportedInterfaceOrientations_iPhone = "UIInterfaceOrientationPortrait UIInterfaceOrientationLandscapeLeft UIInterfaceOrientationLandscapeRight";
				IPHONEOS_DEPLOYMENT_TARGET = 15.0;
				LD_RUNPATH_SEARCH_PATHS = (
					"$(inherited)",
					"@executable_path/Frameworks",
				);
				MARKETING_VERSION = 1.0;
				PRODUCT_BUNDLE_IDENTIFIER = "ArmanG.Get-To-Know-SapceX";
				PRODUCT_NAME = "$(TARGET_NAME)";
				SWIFT_EMIT_LOC_STRINGS = YES;
				SWIFT_VERSION = 5.0;
				TARGETED_DEVICE_FAMILY = "1,2";
			};
			name = Debug;
		};
		CC8755A728C7597000C80E3E /* Release */ = {
			isa = XCBuildConfiguration;
			baseConfigurationReference = 899957DCEA31B8A0CBBD32D0 /* Pods-Get_To_Know_SapceX.release.xcconfig */;
			buildSettings = {
				ASSETCATALOG_COMPILER_APPICON_NAME = AppIcon;
				ASSETCATALOG_COMPILER_GLOBAL_ACCENT_COLOR_NAME = AccentColor;
				CODE_SIGN_STYLE = Automatic;
				CURRENT_PROJECT_VERSION = 1;
				DEVELOPMENT_TEAM = G5V28598P5;
				GENERATE_INFOPLIST_FILE = YES;
				INFOPLIST_FILE = Get_To_Know_SapceX/Info.plist;
				INFOPLIST_KEY_UIApplicationSupportsIndirectInputEvents = YES;
				INFOPLIST_KEY_UILaunchStoryboardName = LaunchScreen;
				INFOPLIST_KEY_UIMainStoryboardFile = Main;
				INFOPLIST_KEY_UISupportedInterfaceOrientations_iPad = "UIInterfaceOrientationPortrait UIInterfaceOrientationPortraitUpsideDown UIInterfaceOrientationLandscapeLeft UIInterfaceOrientationLandscapeRight";
				INFOPLIST_KEY_UISupportedInterfaceOrientations_iPhone = "UIInterfaceOrientationPortrait UIInterfaceOrientationLandscapeLeft UIInterfaceOrientationLandscapeRight";
				IPHONEOS_DEPLOYMENT_TARGET = 15.0;
				LD_RUNPATH_SEARCH_PATHS = (
					"$(inherited)",
					"@executable_path/Frameworks",
				);
				MARKETING_VERSION = 1.0;
				PRODUCT_BUNDLE_IDENTIFIER = "ArmanG.Get-To-Know-SapceX";
				PRODUCT_NAME = "$(TARGET_NAME)";
				SWIFT_EMIT_LOC_STRINGS = YES;
				SWIFT_VERSION = 5.0;
				TARGETED_DEVICE_FAMILY = "1,2";
			};
			name = Release;
		};
		CC8755A928C7597000C80E3E /* Debug */ = {
			isa = XCBuildConfiguration;
			baseConfigurationReference = 238B59E42AD50398F5EF9B52 /* Pods-Get_To_Know_SapceXTests.debug.xcconfig */;
			buildSettings = {
				ALWAYS_EMBED_SWIFT_STANDARD_LIBRARIES = YES;
				BUNDLE_LOADER = "$(TEST_HOST)";
				CODE_SIGN_STYLE = Automatic;
				CURRENT_PROJECT_VERSION = 1;
				GENERATE_INFOPLIST_FILE = YES;
				IPHONEOS_DEPLOYMENT_TARGET = 15.5;
				MARKETING_VERSION = 1.0;
				PRODUCT_BUNDLE_IDENTIFIER = "ArmanG.Get-To-Know-SapceXTests";
				PRODUCT_NAME = "$(TARGET_NAME)";
				SWIFT_EMIT_LOC_STRINGS = NO;
				SWIFT_VERSION = 5.0;
				TARGETED_DEVICE_FAMILY = "1,2";
				TEST_HOST = "$(BUILT_PRODUCTS_DIR)/Get_To_Know_SapceX.app/Get_To_Know_SapceX";
			};
			name = Debug;
		};
		CC8755AA28C7597000C80E3E /* Release */ = {
			isa = XCBuildConfiguration;
			baseConfigurationReference = 0DBBB38F0D211AD6F29508C8 /* Pods-Get_To_Know_SapceXTests.release.xcconfig */;
			buildSettings = {
				ALWAYS_EMBED_SWIFT_STANDARD_LIBRARIES = YES;
				BUNDLE_LOADER = "$(TEST_HOST)";
				CODE_SIGN_STYLE = Automatic;
				CURRENT_PROJECT_VERSION = 1;
				GENERATE_INFOPLIST_FILE = YES;
				IPHONEOS_DEPLOYMENT_TARGET = 15.5;
				MARKETING_VERSION = 1.0;
				PRODUCT_BUNDLE_IDENTIFIER = "ArmanG.Get-To-Know-SapceXTests";
				PRODUCT_NAME = "$(TARGET_NAME)";
				SWIFT_EMIT_LOC_STRINGS = NO;
				SWIFT_VERSION = 5.0;
				TARGETED_DEVICE_FAMILY = "1,2";
				TEST_HOST = "$(BUILT_PRODUCTS_DIR)/Get_To_Know_SapceX.app/Get_To_Know_SapceX";
			};
			name = Release;
		};
		CC8755AC28C7597000C80E3E /* Debug */ = {
			isa = XCBuildConfiguration;
			baseConfigurationReference = 3CE3F95782FC4967D70A670D /* Pods-Get_To_Know_SapceX-Get_To_Know_SapceXUITests.debug.xcconfig */;
			buildSettings = {
				ALWAYS_EMBED_SWIFT_STANDARD_LIBRARIES = YES;
				CODE_SIGN_STYLE = Automatic;
				CURRENT_PROJECT_VERSION = 1;
				GENERATE_INFOPLIST_FILE = YES;
				MARKETING_VERSION = 1.0;
				PRODUCT_BUNDLE_IDENTIFIER = "ArmanG.Get-To-Know-SapceXUITests";
				PRODUCT_NAME = "$(TARGET_NAME)";
				SWIFT_EMIT_LOC_STRINGS = NO;
				SWIFT_VERSION = 5.0;
				TARGETED_DEVICE_FAMILY = "1,2";
				TEST_TARGET_NAME = Get_To_Know_SapceX;
			};
			name = Debug;
		};
		CC8755AD28C7597000C80E3E /* Release */ = {
			isa = XCBuildConfiguration;
			baseConfigurationReference = 126B023D7C066A67EFA7648B /* Pods-Get_To_Know_SapceX-Get_To_Know_SapceXUITests.release.xcconfig */;
			buildSettings = {
				ALWAYS_EMBED_SWIFT_STANDARD_LIBRARIES = YES;
				CODE_SIGN_STYLE = Automatic;
				CURRENT_PROJECT_VERSION = 1;
				GENERATE_INFOPLIST_FILE = YES;
				MARKETING_VERSION = 1.0;
				PRODUCT_BUNDLE_IDENTIFIER = "ArmanG.Get-To-Know-SapceXUITests";
				PRODUCT_NAME = "$(TARGET_NAME)";
				SWIFT_EMIT_LOC_STRINGS = NO;
				SWIFT_VERSION = 5.0;
				TARGETED_DEVICE_FAMILY = "1,2";
				TEST_TARGET_NAME = Get_To_Know_SapceX;
			};
			name = Release;
		};
/* End XCBuildConfiguration section */

/* Begin XCConfigurationList section */
		CC87557628C7596D00C80E3E /* Build configuration list for PBXProject "Get_To_Know_SapceX" */ = {
			isa = XCConfigurationList;
			buildConfigurations = (
				CC8755A328C7597000C80E3E /* Debug */,
				CC8755A428C7597000C80E3E /* Release */,
			);
			defaultConfigurationIsVisible = 0;
			defaultConfigurationName = Release;
		};
		CC8755A528C7597000C80E3E /* Build configuration list for PBXNativeTarget "Get_To_Know_SapceX" */ = {
			isa = XCConfigurationList;
			buildConfigurations = (
				CC8755A628C7597000C80E3E /* Debug */,
				CC8755A728C7597000C80E3E /* Release */,
			);
			defaultConfigurationIsVisible = 0;
			defaultConfigurationName = Release;
		};
		CC8755A828C7597000C80E3E /* Build configuration list for PBXNativeTarget "Get_To_Know_SapceXTests" */ = {
			isa = XCConfigurationList;
			buildConfigurations = (
				CC8755A928C7597000C80E3E /* Debug */,
				CC8755AA28C7597000C80E3E /* Release */,
			);
			defaultConfigurationIsVisible = 0;
			defaultConfigurationName = Release;
		};
		CC8755AB28C7597000C80E3E /* Build configuration list for PBXNativeTarget "Get_To_Know_SapceXUITests" */ = {
			isa = XCConfigurationList;
			buildConfigurations = (
				CC8755AC28C7597000C80E3E /* Debug */,
				CC8755AD28C7597000C80E3E /* Release */,
			);
			defaultConfigurationIsVisible = 0;
			defaultConfigurationName = Release;
		};
/* End XCConfigurationList section */
	};
	rootObject = CC87557328C7596D00C80E3E /* Project object */;
}
