// !$*UTF8*$!
{
	archiveVersion = 1;
	classes = {
	};
	objectVersion = 55;
	objects = {

/* Begin PBXBuildFile section */
		CC7E4F4C28C761E00036A7BE /* Service.swift in Sources */ = {isa = PBXBuildFile; fileRef = CC7E4F4B28C761E00036A7BE /* Service.swift */; };
		CC7E4F4E28C762100036A7BE /* ServiceHelper.swift in Sources */ = {isa = PBXBuildFile; fileRef = CC7E4F4D28C762100036A7BE /* ServiceHelper.swift */; };
		CC7E4F5028C762450036A7BE /* NetworkError.swift in Sources */ = {isa = PBXBuildFile; fileRef = CC7E4F4F28C762450036A7BE /* NetworkError.swift */; };
		CC7E4F5328C762800036A7BE /* HeaderHelper.swift in Sources */ = {isa = PBXBuildFile; fileRef = CC7E4F5228C762800036A7BE /* HeaderHelper.swift */; };
		CC7E4F5528C762AC0036A7BE /* Network+Description.swift in Sources */ = {isa = PBXBuildFile; fileRef = CC7E4F5428C762AC0036A7BE /* Network+Description.swift */; };
		CC87557F28C7596D00C80E3E /* AppDelegate.swift in Sources */ = {isa = PBXBuildFile; fileRef = CC87557E28C7596D00C80E3E /* AppDelegate.swift */; };
		CC87558128C7596D00C80E3E /* SceneDelegate.swift in Sources */ = {isa = PBXBuildFile; fileRef = CC87558028C7596D00C80E3E /* SceneDelegate.swift */; };
		CC87558328C7596D00C80E3E /* ViewController.swift in Sources */ = {isa = PBXBuildFile; fileRef = CC87558228C7596D00C80E3E /* ViewController.swift */; };
		CC87558628C7596D00C80E3E /* Main.storyboard in Resources */ = {isa = PBXBuildFile; fileRef = CC87558428C7596D00C80E3E /* Main.storyboard */; };
		CC87558828C7596F00C80E3E /* Assets.xcassets in Resources */ = {isa = PBXBuildFile; fileRef = CC87558728C7596F00C80E3E /* Assets.xcassets */; };
		CC87558B28C7596F00C80E3E /* LaunchScreen.storyboard in Resources */ = {isa = PBXBuildFile; fileRef = CC87558928C7596F00C80E3E /* LaunchScreen.storyboard */; };
		CC87559628C7597000C80E3E /* Get_To_Know_SapceXTests.swift in Sources */ = {isa = PBXBuildFile; fileRef = CC87559528C7597000C80E3E /* Get_To_Know_SapceXTests.swift */; };
		CC8755A028C7597000C80E3E /* Get_To_Know_SapceXUITests.swift in Sources */ = {isa = PBXBuildFile; fileRef = CC87559F28C7597000C80E3E /* Get_To_Know_SapceXUITests.swift */; };
		CC8755A228C7597000C80E3E /* Get_To_Know_SapceXUITestsLaunchTests.swift in Sources */ = {isa = PBXBuildFile; fileRef = CC8755A128C7597000C80E3E /* Get_To_Know_SapceXUITestsLaunchTests.swift */; };
/* End PBXBuildFile section */

/* Begin PBXContainerItemProxy section */
		CC87559228C7596F00C80E3E /* PBXContainerItemProxy */ = {
			isa = PBXContainerItemProxy;
			containerPortal = CC87557328C7596D00C80E3E /* Project object */;
			proxyType = 1;
			remoteGlobalIDString = CC87557A28C7596D00C80E3E;
			remoteInfo = Get_To_Know_SapceX;
		};
		CC87559C28C7597000C80E3E /* PBXContainerItemProxy */ = {
			isa = PBXContainerItemProxy;
			containerPortal = CC87557328C7596D00C80E3E /* Project object */;
			proxyType = 1;
			remoteGlobalIDString = CC87557A28C7596D00C80E3E;
			remoteInfo = Get_To_Know_SapceX;
		};
/* End PBXContainerItemProxy section */

/* Begin PBXFileReference section */
		CC7E4F4B28C761E00036A7BE /* Service.swift */ = {isa = PBXFileReference; lastKnownFileType = sourcecode.swift; path = Service.swift; sourceTree = "<group>"; };
		CC7E4F4D28C762100036A7BE /* ServiceHelper.swift */ = {isa = PBXFileReference; lastKnownFileType = sourcecode.swift; path = ServiceHelper.swift; sourceTree = "<group>"; };
		CC7E4F4F28C762450036A7BE /* NetworkError.swift */ = {isa = PBXFileReference; lastKnownFileType = sourcecode.swift; path = NetworkError.swift; sourceTree = "<group>"; };
		CC7E4F5228C762800036A7BE /* HeaderHelper.swift */ = {isa = PBXFileReference; lastKnownFileType = sourcecode.swift; path = HeaderHelper.swift; sourceTree = "<group>"; };
		CC7E4F5428C762AC0036A7BE /* Network+Description.swift */ = {isa = PBXFileReference; lastKnownFileType = sourcecode.swift; path = "Network+Description.swift"; sourceTree = "<group>"; };
		CC87557B28C7596D00C80E3E /* Get_To_Know_SapceX.app */ = {isa = PBXFileReference; explicitFileType = wrapper.application; includeInIndex = 0; path = Get_To_Know_SapceX.app; sourceTree = BUILT_PRODUCTS_DIR; };
		CC87557E28C7596D00C80E3E /* AppDelegate.swift */ = {isa = PBXFileReference; lastKnownFileType = sourcecode.swift; path = AppDelegate.swift; sourceTree = "<group>"; };
		CC87558028C7596D00C80E3E /* SceneDelegate.swift */ = {isa = PBXFileReference; lastKnownFileType = sourcecode.swift; path = SceneDelegate.swift; sourceTree = "<group>"; };
		CC87558228C7596D00C80E3E /* ViewController.swift */ = {isa = PBXFileReference; lastKnownFileType = sourcecode.swift; path = ViewController.swift; sourceTree = "<group>"; };
		CC87558528C7596D00C80E3E /* Base */ = {isa = PBXFileReference; lastKnownFileType = file.storyboard; name = Base; path = Base.lproj/Main.storyboard; sourceTree = "<group>"; };
		CC87558728C7596F00C80E3E /* Assets.xcassets */ = {isa = PBXFileReference; lastKnownFileType = folder.assetcatalog; path = Assets.xcassets; sourceTree = "<group>"; };
		CC87558A28C7596F00C80E3E /* Base */ = {isa = PBXFileReference; lastKnownFileType = file.storyboard; name = Base; path = Base.lproj/LaunchScreen.storyboard; sourceTree = "<group>"; };
		CC87558C28C7596F00C80E3E /* Info.plist */ = {isa = PBXFileReference; lastKnownFileType = text.plist.xml; path = Info.plist; sourceTree = "<group>"; };
		CC87559128C7596F00C80E3E /* Get_To_Know_SapceXTests.xctest */ = {isa = PBXFileReference; explicitFileType = wrapper.cfbundle; includeInIndex = 0; path = Get_To_Know_SapceXTests.xctest; sourceTree = BUILT_PRODUCTS_DIR; };
		CC87559528C7597000C80E3E /* Get_To_Know_SapceXTests.swift */ = {isa = PBXFileReference; lastKnownFileType = sourcecode.swift; path = Get_To_Know_SapceXTests.swift; sourceTree = "<group>"; };
		CC87559B28C7597000C80E3E /* Get_To_Know_SapceXUITests.xctest */ = {isa = PBXFileReference; explicitFileType = wrapper.cfbundle; includeInIndex = 0; path = Get_To_Know_SapceXUITests.xctest; sourceTree = BUILT_PRODUCTS_DIR; };
		CC87559F28C7597000C80E3E /* Get_To_Know_SapceXUITests.swift */ = {isa = PBXFileReference; lastKnownFileType = sourcecode.swift; path = Get_To_Know_SapceXUITests.swift; sourceTree = "<group>"; };
		CC8755A128C7597000C80E3E /* Get_To_Know_SapceXUITestsLaunchTests.swift */ = {isa = PBXFileReference; lastKnownFileType = sourcecode.swift; path = Get_To_Know_SapceXUITestsLaunchTests.swift; sourceTree = "<group>"; };
/* End PBXFileReference section */

/* Begin PBXFrameworksBuildPhase section */
		CC87557828C7596D00C80E3E /* Frameworks */ = {
			isa = PBXFrameworksBuildPhase;
			buildActionMask = 2147483647;
			files = (
			);
			runOnlyForDeploymentPostprocessing = 0;
		};
		CC87558E28C7596F00C80E3E /* Frameworks */ = {
			isa = PBXFrameworksBuildPhase;
			buildActionMask = 2147483647;
			files = (
			);
			runOnlyForDeploymentPostprocessing = 0;
		};
		CC87559828C7597000C80E3E /* Frameworks */ = {
			isa = PBXFrameworksBuildPhase;
			buildActionMask = 2147483647;
			files = (
			);
			runOnlyForDeploymentPostprocessing = 0;
		};
/* End PBXFrameworksBuildPhase section */

/* Begin PBXGroup section */
		CC0376D628C761120096454C /* Main */ = {
			isa = PBXGroup;
			children = (
				CC87558928C7596F00C80E3E /* LaunchScreen.storyboard */,
				CC87558428C7596D00C80E3E /* Main.storyboard */,
				CC87558728C7596F00C80E3E /* Assets.xcassets */,
			);
			path = Main;
			sourceTree = "<group>";
		};
		CC0376D728C761500096454C /* Core */ = {
			isa = PBXGroup;
			children = (
				CC7E4F5128C762570036A7BE /* Network */,
			);
			path = Core;
			sourceTree = "<group>";
		};
		CC7E4F5128C762570036A7BE /* Network */ = {
			isa = PBXGroup;
			children = (
				CC7E4F4B28C761E00036A7BE /* Service.swift */,
				CC7E4F4D28C762100036A7BE /* ServiceHelper.swift */,
				CC7E4F4F28C762450036A7BE /* NetworkError.swift */,
				CC7E4F5228C762800036A7BE /* HeaderHelper.swift */,
				CC7E4F5428C762AC0036A7BE /* Network+Description.swift */,
			);
			path = Network;
			sourceTree = "<group>";
		};
		CC87557228C7596D00C80E3E = {
			isa = PBXGroup;
			children = (
				CC87557D28C7596D00C80E3E /* Get_To_Know_SapceX */,
				CC87559428C7596F00C80E3E /* Get_To_Know_SapceXTests */,
				CC87559E28C7597000C80E3E /* Get_To_Know_SapceXUITests */,
				CC87557C28C7596D00C80E3E /* Products */,
			);
			sourceTree = "<group>";
		};
		CC87557C28C7596D00C80E3E /* Products */ = {
			isa = PBXGroup;
			children = (
				CC87557B28C7596D00C80E3E /* Get_To_Know_SapceX.app */,
				CC87559128C7596F00C80E3E /* Get_To_Know_SapceXTests.xctest */,
				CC87559B28C7597000C80E3E /* Get_To_Know_SapceXUITests.xctest */,
			);
			name = Products;
			sourceTree = "<group>";
		};
		CC87557D28C7596D00C80E3E /* Get_To_Know_SapceX */ = {
			isa = PBXGroup;
			children = (
				CC0376D728C761500096454C /* Core */,
				CC87558228C7596D00C80E3E /* ViewController.swift */,
				CC0376D628C761120096454C /* Main */,
				CC87558C28C7596F00C80E3E /* Info.plist */,
				CC87557E28C7596D00C80E3E /* AppDelegate.swift */,
				CC87558028C7596D00C80E3E /* SceneDelegate.swift */,
			);
			path = Get_To_Know_SapceX;
			sourceTree = "<group>";
		};
		CC87559428C7596F00C80E3E /* Get_To_Know_SapceXTests */ = {
			isa = PBXGroup;
			children = (
				CC87559528C7597000C80E3E /* Get_To_Know_SapceXTests.swift */,
			);
			path = Get_To_Know_SapceXTests;
			sourceTree = "<group>";
		};
		CC87559E28C7597000C80E3E /* Get_To_Know_SapceXUITests */ = {
			isa = PBXGroup;
			children = (
				CC87559F28C7597000C80E3E /* Get_To_Know_SapceXUITests.swift */,
				CC8755A128C7597000C80E3E /* Get_To_Know_SapceXUITestsLaunchTests.swift */,
			);
			path = Get_To_Know_SapceXUITests;
			sourceTree = "<group>";
		};
/* End PBXGroup section */

/* Begin PBXNativeTarget section */
		CC87557A28C7596D00C80E3E /* Get_To_Know_SapceX */ = {
			isa = PBXNativeTarget;
			buildConfigurationList = CC8755A528C7597000C80E3E /* Build configuration list for PBXNativeTarget "Get_To_Know_SapceX" */;
			buildPhases = (
				CC87557728C7596D00C80E3E /* Sources */,
				CC87557828C7596D00C80E3E /* Frameworks */,
				CC87557928C7596D00C80E3E /* Resources */,
			);
			buildRules = (
			);
			dependencies = (
			);
			name = Get_To_Know_SapceX;
			productName = Get_To_Know_SapceX;
			productReference = CC87557B28C7596D00C80E3E /* Get_To_Know_SapceX.app */;
			productType = "com.apple.product-type.application";
		};
		CC87559028C7596F00C80E3E /* Get_To_Know_SapceXTests */ = {
			isa = PBXNativeTarget;
			buildConfigurationList = CC8755A828C7597000C80E3E /* Build configuration list for PBXNativeTarget "Get_To_Know_SapceXTests" */;
			buildPhases = (
				CC87558D28C7596F00C80E3E /* Sources */,
				CC87558E28C7596F00C80E3E /* Frameworks */,
				CC87558F28C7596F00C80E3E /* Resources */,
			);
			buildRules = (
			);
			dependencies = (
				CC87559328C7596F00C80E3E /* PBXTargetDependency */,
			);
			name = Get_To_Know_SapceXTests;
			productName = Get_To_Know_SapceXTests;
			productReference = CC87559128C7596F00C80E3E /* Get_To_Know_SapceXTests.xctest */;
			productType = "com.apple.product-type.bundle.unit-test";
		};
		CC87559A28C7597000C80E3E /* Get_To_Know_SapceXUITests */ = {
			isa = PBXNativeTarget;
			buildConfigurationList = CC8755AB28C7597000C80E3E /* Build configuration list for PBXNativeTarget "Get_To_Know_SapceXUITests" */;
			buildPhases = (
				CC87559728C7597000C80E3E /* Sources */,
				CC87559828C7597000C80E3E /* Frameworks */,
				CC87559928C7597000C80E3E /* Resources */,
			);
			buildRules = (
			);
			dependencies = (
				CC87559D28C7597000C80E3E /* PBXTargetDependency */,
			);
			name = Get_To_Know_SapceXUITests;
			productName = Get_To_Know_SapceXUITests;
			productReference = CC87559B28C7597000C80E3E /* Get_To_Know_SapceXUITests.xctest */;
			productType = "com.apple.product-type.bundle.ui-testing";
		};
/* End PBXNativeTarget section */

/* Begin PBXProject section */
		CC87557328C7596D00C80E3E /* Project object */ = {
			isa = PBXProject;
			attributes = {
				BuildIndependentTargetsInParallel = 1;
				LastSwiftUpdateCheck = 1340;
				LastUpgradeCheck = 1340;
				TargetAttributes = {
					CC87557A28C7596D00C80E3E = {
						CreatedOnToolsVersion = 13.4.1;
					};
					CC87559028C7596F00C80E3E = {
						CreatedOnToolsVersion = 13.4.1;
						TestTargetID = CC87557A28C7596D00C80E3E;
					};
					CC87559A28C7597000C80E3E = {
						CreatedOnToolsVersion = 13.4.1;
						TestTargetID = CC87557A28C7596D00C80E3E;
					};
				};
			};
			buildConfigurationList = CC87557628C7596D00C80E3E /* Build configuration list for PBXProject "Get_To_Know_SapceX" */;
			compatibilityVersion = "Xcode 13.0";
			developmentRegion = en;
			hasScannedForEncodings = 0;
			knownRegions = (
				en,
				Base,
			);
			mainGroup = CC87557228C7596D00C80E3E;
			productRefGroup = CC87557C28C7596D00C80E3E /* Products */;
			projectDirPath = "";
			projectRoot = "";
			targets = (
				CC87557A28C7596D00C80E3E /* Get_To_Know_SapceX */,
				CC87559028C7596F00C80E3E /* Get_To_Know_SapceXTests */,
				CC87559A28C7597000C80E3E /* Get_To_Know_SapceXUITests */,
			);
		};
/* End PBXProject section */

/* Begin PBXResourcesBuildPhase section */
		CC87557928C7596D00C80E3E /* Resources */ = {
			isa = PBXResourcesBuildPhase;
			buildActionMask = 2147483647;
			files = (
				CC87558B28C7596F00C80E3E /* LaunchScreen.storyboard in Resources */,
				CC87558828C7596F00C80E3E /* Assets.xcassets in Resources */,
				CC87558628C7596D00C80E3E /* Main.storyboard in Resources */,
			);
			runOnlyForDeploymentPostprocessing = 0;
		};
		CC87558F28C7596F00C80E3E /* Resources */ = {
			isa = PBXResourcesBuildPhase;
			buildActionMask = 2147483647;
			files = (
			);
			runOnlyForDeploymentPostprocessing = 0;
		};
		CC87559928C7597000C80E3E /* Resources */ = {
			isa = PBXResourcesBuildPhase;
			buildActionMask = 2147483647;
			files = (
			);
			runOnlyForDeploymentPostprocessing = 0;
		};
/* End PBXResourcesBuildPhase section */

/* Begin PBXSourcesBuildPhase section */
		CC87557728C7596D00C80E3E /* Sources */ = {
			isa = PBXSourcesBuildPhase;
			buildActionMask = 2147483647;
			files = (
				CC7E4F4E28C762100036A7BE /* ServiceHelper.swift in Sources */,
				CC87558328C7596D00C80E3E /* ViewController.swift in Sources */,
				CC7E4F4C28C761E00036A7BE /* Service.swift in Sources */,
				CC7E4F5028C762450036A7BE /* NetworkError.swift in Sources */,
				CC7E4F5328C762800036A7BE /* HeaderHelper.swift in Sources */,
				CC7E4F5528C762AC0036A7BE /* Network+Description.swift in Sources */,
				CC87557F28C7596D00C80E3E /* AppDelegate.swift in Sources */,
				CC87558128C7596D00C80E3E /* SceneDelegate.swift in Sources */,
			);
			runOnlyForDeploymentPostprocessing = 0;
		};
		CC87558D28C7596F00C80E3E /* Sources */ = {
			isa = PBXSourcesBuildPhase;
			buildActionMask = 2147483647;
			files = (
				CC87559628C7597000C80E3E /* Get_To_Know_SapceXTests.swift in Sources */,
			);
			runOnlyForDeploymentPostprocessing = 0;
		};
		CC87559728C7597000C80E3E /* Sources */ = {
			isa = PBXSourcesBuildPhase;
			buildActionMask = 2147483647;
			files = (
				CC8755A028C7597000C80E3E /* Get_To_Know_SapceXUITests.swift in Sources */,
				CC8755A228C7597000C80E3E /* Get_To_Know_SapceXUITestsLaunchTests.swift in Sources */,
			);
			runOnlyForDeploymentPostprocessing = 0;
		};
/* End PBXSourcesBuildPhase section */

/* Begin PBXTargetDependency section */
		CC87559328C7596F00C80E3E /* PBXTargetDependency */ = {
			isa = PBXTargetDependency;
			target = CC87557A28C7596D00C80E3E /* Get_To_Know_SapceX */;
			targetProxy = CC87559228C7596F00C80E3E /* PBXContainerItemProxy */;
		};
		CC87559D28C7597000C80E3E /* PBXTargetDependency */ = {
			isa = PBXTargetDependency;
			target = CC87557A28C7596D00C80E3E /* Get_To_Know_SapceX */;
			targetProxy = CC87559C28C7597000C80E3E /* PBXContainerItemProxy */;
		};
/* End PBXTargetDependency section */

/* Begin PBXVariantGroup section */
		CC87558428C7596D00C80E3E /* Main.storyboard */ = {
			isa = PBXVariantGroup;
			children = (
				CC87558528C7596D00C80E3E /* Base */,
			);
			name = Main.storyboard;
			sourceTree = "<group>";
		};
		CC87558928C7596F00C80E3E /* LaunchScreen.storyboard */ = {
			isa = PBXVariantGroup;
			children = (
				CC87558A28C7596F00C80E3E /* Base */,
			);
			name = LaunchScreen.storyboard;
			sourceTree = "<group>";
		};
/* End PBXVariantGroup section */

/* Begin XCBuildConfiguration section */
		CC8755A328C7597000C80E3E /* Debug */ = {
			isa = XCBuildConfiguration;
			buildSettings = {
				ALWAYS_SEARCH_USER_PATHS = NO;
				CLANG_ANALYZER_NONNULL = YES;
				CLANG_ANALYZER_NUMBER_OBJECT_CONVERSION = YES_AGGRESSIVE;
				CLANG_CXX_LANGUAGE_STANDARD = "gnu++17";
				CLANG_ENABLE_MODULES = YES;
				CLANG_ENABLE_OBJC_ARC = YES;
				CLANG_ENABLE_OBJC_WEAK = YES;
				CLANG_WARN_BLOCK_CAPTURE_AUTORELEASING = YES;
				CLANG_WARN_BOOL_CONVERSION = YES;
				CLANG_WARN_COMMA = YES;
				CLANG_WARN_CONSTANT_CONVERSION = YES;
				CLANG_WARN_DEPRECATED_OBJC_IMPLEMENTATIONS = YES;
				CLANG_WARN_DIRECT_OBJC_ISA_USAGE = YES_ERROR;
				CLANG_WARN_DOCUMENTATION_COMMENTS = YES;
				CLANG_WARN_EMPTY_BODY = YES;
				CLANG_WARN_ENUM_CONVERSION = YES;
				CLANG_WARN_INFINITE_RECURSION = YES;
				CLANG_WARN_INT_CONVERSION = YES;
				CLANG_WARN_NON_LITERAL_NULL_CONVERSION = YES;
				CLANG_WARN_OBJC_IMPLICIT_RETAIN_SELF = YES;
				CLANG_WARN_OBJC_LITERAL_CONVERSION = YES;
				CLANG_WARN_OBJC_ROOT_CLASS = YES_ERROR;
				CLANG_WARN_QUOTED_INCLUDE_IN_FRAMEWORK_HEADER = YES;
				CLANG_WARN_RANGE_LOOP_ANALYSIS = YES;
				CLANG_WARN_STRICT_PROTOTYPES = YES;
				CLANG_WARN_SUSPICIOUS_MOVE = YES;
				CLANG_WARN_UNGUARDED_AVAILABILITY = YES_AGGRESSIVE;
				CLANG_WARN_UNREACHABLE_CODE = YES;
				CLANG_WARN__DUPLICATE_METHOD_MATCH = YES;
				COPY_PHASE_STRIP = NO;
				DEBUG_INFORMATION_FORMAT = dwarf;
				ENABLE_STRICT_OBJC_MSGSEND = YES;
				ENABLE_TESTABILITY = YES;
				GCC_C_LANGUAGE_STANDARD = gnu11;
				GCC_DYNAMIC_NO_PIC = NO;
				GCC_NO_COMMON_BLOCKS = YES;
				GCC_OPTIMIZATION_LEVEL = 0;
				GCC_PREPROCESSOR_DEFINITIONS = (
					"DEBUG=1",
					"$(inherited)",
				);
				GCC_WARN_64_TO_32_BIT_CONVERSION = YES;
				GCC_WARN_ABOUT_RETURN_TYPE = YES_ERROR;
				GCC_WARN_UNDECLARED_SELECTOR = YES;
				GCC_WARN_UNINITIALIZED_AUTOS = YES_AGGRESSIVE;
				GCC_WARN_UNUSED_FUNCTION = YES;
				GCC_WARN_UNUSED_VARIABLE = YES;
				IPHONEOS_DEPLOYMENT_TARGET = 15.5;
				MTL_ENABLE_DEBUG_INFO = INCLUDE_SOURCE;
				MTL_FAST_MATH = YES;
				ONLY_ACTIVE_ARCH = YES;
				SDKROOT = iphoneos;
				SWIFT_ACTIVE_COMPILATION_CONDITIONS = DEBUG;
				SWIFT_OPTIMIZATION_LEVEL = "-Onone";
			};
			name = Debug;
		};
		CC8755A428C7597000C80E3E /* Release */ = {
			isa = XCBuildConfiguration;
			buildSettings = {
				ALWAYS_SEARCH_USER_PATHS = NO;
				CLANG_ANALYZER_NONNULL = YES;
				CLANG_ANALYZER_NUMBER_OBJECT_CONVERSION = YES_AGGRESSIVE;
				CLANG_CXX_LANGUAGE_STANDARD = "gnu++17";
				CLANG_ENABLE_MODULES = YES;
				CLANG_ENABLE_OBJC_ARC = YES;
				CLANG_ENABLE_OBJC_WEAK = YES;
				CLANG_WARN_BLOCK_CAPTURE_AUTORELEASING = YES;
				CLANG_WARN_BOOL_CONVERSION = YES;
				CLANG_WARN_COMMA = YES;
				CLANG_WARN_CONSTANT_CONVERSION = YES;
				CLANG_WARN_DEPRECATED_OBJC_IMPLEMENTATIONS = YES;
				CLANG_WARN_DIRECT_OBJC_ISA_USAGE = YES_ERROR;
				CLANG_WARN_DOCUMENTATION_COMMENTS = YES;
				CLANG_WARN_EMPTY_BODY = YES;
				CLANG_WARN_ENUM_CONVERSION = YES;
				CLANG_WARN_INFINITE_RECURSION = YES;
				CLANG_WARN_INT_CONVERSION = YES;
				CLANG_WARN_NON_LITERAL_NULL_CONVERSION = YES;
				CLANG_WARN_OBJC_IMPLICIT_RETAIN_SELF = YES;
				CLANG_WARN_OBJC_LITERAL_CONVERSION = YES;
				CLANG_WARN_OBJC_ROOT_CLASS = YES_ERROR;
				CLANG_WARN_QUOTED_INCLUDE_IN_FRAMEWORK_HEADER = YES;
				CLANG_WARN_RANGE_LOOP_ANALYSIS = YES;
				CLANG_WARN_STRICT_PROTOTYPES = YES;
				CLANG_WARN_SUSPICIOUS_MOVE = YES;
				CLANG_WARN_UNGUARDED_AVAILABILITY = YES_AGGRESSIVE;
				CLANG_WARN_UNREACHABLE_CODE = YES;
				CLANG_WARN__DUPLICATE_METHOD_MATCH = YES;
				COPY_PHASE_STRIP = NO;
				DEBUG_INFORMATION_FORMAT = "dwarf-with-dsym";
				ENABLE_NS_ASSERTIONS = NO;
				ENABLE_STRICT_OBJC_MSGSEND = YES;
				GCC_C_LANGUAGE_STANDARD = gnu11;
				GCC_NO_COMMON_BLOCKS = YES;
				GCC_WARN_64_TO_32_BIT_CONVERSION = YES;
				GCC_WARN_ABOUT_RETURN_TYPE = YES_ERROR;
				GCC_WARN_UNDECLARED_SELECTOR = YES;
				GCC_WARN_UNINITIALIZED_AUTOS = YES_AGGRESSIVE;
				GCC_WARN_UNUSED_FUNCTION = YES;
				GCC_WARN_UNUSED_VARIABLE = YES;
				IPHONEOS_DEPLOYMENT_TARGET = 15.5;
				MTL_ENABLE_DEBUG_INFO = NO;
				MTL_FAST_MATH = YES;
				SDKROOT = iphoneos;
				SWIFT_COMPILATION_MODE = wholemodule;
				SWIFT_OPTIMIZATION_LEVEL = "-O";
				VALIDATE_PRODUCT = YES;
			};
			name = Release;
		};
		CC8755A628C7597000C80E3E /* Debug */ = {
			isa = XCBuildConfiguration;
			buildSettings = {
				ASSETCATALOG_COMPILER_APPICON_NAME = AppIcon;
				ASSETCATALOG_COMPILER_GLOBAL_ACCENT_COLOR_NAME = AccentColor;
				CODE_SIGN_STYLE = Automatic;
				CURRENT_PROJECT_VERSION = 1;
				GENERATE_INFOPLIST_FILE = YES;
				INFOPLIST_FILE = Get_To_Know_SapceX/Info.plist;
				INFOPLIST_KEY_UIApplicationSupportsIndirectInputEvents = YES;
				INFOPLIST_KEY_UILaunchStoryboardName = LaunchScreen;
				INFOPLIST_KEY_UIMainStoryboardFile = Main;
				INFOPLIST_KEY_UISupportedInterfaceOrientations_iPad = "UIInterfaceOrientationPortrait UIInterfaceOrientationPortraitUpsideDown UIInterfaceOrientationLandscapeLeft UIInterfaceOrientationLandscapeRight";
				INFOPLIST_KEY_UISupportedInterfaceOrientations_iPhone = "UIInterfaceOrientationPortrait UIInterfaceOrientationLandscapeLeft UIInterfaceOrientationLandscapeRight";
				LD_RUNPATH_SEARCH_PATHS = (
					"$(inherited)",
					"@executable_path/Frameworks",
				);
				MARKETING_VERSION = 1.0;
				PRODUCT_BUNDLE_IDENTIFIER = "ArmanG.Get-To-Know-SapceX";
				PRODUCT_NAME = "$(TARGET_NAME)";
				SWIFT_EMIT_LOC_STRINGS = YES;
				SWIFT_VERSION = 5.0;
				TARGETED_DEVICE_FAMILY = "1,2";
			};
			name = Debug;
		};
		CC8755A728C7597000C80E3E /* Release */ = {
			isa = XCBuildConfiguration;
			buildSettings = {
				ASSETCATALOG_COMPILER_APPICON_NAME = AppIcon;
				ASSETCATALOG_COMPILER_GLOBAL_ACCENT_COLOR_NAME = AccentColor;
				CODE_SIGN_STYLE = Automatic;
				CURRENT_PROJECT_VERSION = 1;
				GENERATE_INFOPLIST_FILE = YES;
				INFOPLIST_FILE = Get_To_Know_SapceX/Info.plist;
				INFOPLIST_KEY_UIApplicationSupportsIndirectInputEvents = YES;
				INFOPLIST_KEY_UILaunchStoryboardName = LaunchScreen;
				INFOPLIST_KEY_UIMainStoryboardFile = Main;
				INFOPLIST_KEY_UISupportedInterfaceOrientations_iPad = "UIInterfaceOrientationPortrait UIInterfaceOrientationPortraitUpsideDown UIInterfaceOrientationLandscapeLeft UIInterfaceOrientationLandscapeRight";
				INFOPLIST_KEY_UISupportedInterfaceOrientations_iPhone = "UIInterfaceOrientationPortrait UIInterfaceOrientationLandscapeLeft UIInterfaceOrientationLandscapeRight";
				LD_RUNPATH_SEARCH_PATHS = (
					"$(inherited)",
					"@executable_path/Frameworks",
				);
				MARKETING_VERSION = 1.0;
				PRODUCT_BUNDLE_IDENTIFIER = "ArmanG.Get-To-Know-SapceX";
				PRODUCT_NAME = "$(TARGET_NAME)";
				SWIFT_EMIT_LOC_STRINGS = YES;
				SWIFT_VERSION = 5.0;
				TARGETED_DEVICE_FAMILY = "1,2";
			};
			name = Release;
		};
		CC8755A928C7597000C80E3E /* Debug */ = {
			isa = XCBuildConfiguration;
			buildSettings = {
				ALWAYS_EMBED_SWIFT_STANDARD_LIBRARIES = YES;
				BUNDLE_LOADER = "$(TEST_HOST)";
				CODE_SIGN_STYLE = Automatic;
				CURRENT_PROJECT_VERSION = 1;
				GENERATE_INFOPLIST_FILE = YES;
				IPHONEOS_DEPLOYMENT_TARGET = 15.5;
				MARKETING_VERSION = 1.0;
				PRODUCT_BUNDLE_IDENTIFIER = "ArmanG.Get-To-Know-SapceXTests";
				PRODUCT_NAME = "$(TARGET_NAME)";
				SWIFT_EMIT_LOC_STRINGS = NO;
				SWIFT_VERSION = 5.0;
				TARGETED_DEVICE_FAMILY = "1,2";
				TEST_HOST = "$(BUILT_PRODUCTS_DIR)/Get_To_Know_SapceX.app/Get_To_Know_SapceX";
			};
			name = Debug;
		};
		CC8755AA28C7597000C80E3E /* Release */ = {
			isa = XCBuildConfiguration;
			buildSettings = {
				ALWAYS_EMBED_SWIFT_STANDARD_LIBRARIES = YES;
				BUNDLE_LOADER = "$(TEST_HOST)";
				CODE_SIGN_STYLE = Automatic;
				CURRENT_PROJECT_VERSION = 1;
				GENERATE_INFOPLIST_FILE = YES;
				IPHONEOS_DEPLOYMENT_TARGET = 15.5;
				MARKETING_VERSION = 1.0;
				PRODUCT_BUNDLE_IDENTIFIER = "ArmanG.Get-To-Know-SapceXTests";
				PRODUCT_NAME = "$(TARGET_NAME)";
				SWIFT_EMIT_LOC_STRINGS = NO;
				SWIFT_VERSION = 5.0;
				TARGETED_DEVICE_FAMILY = "1,2";
				TEST_HOST = "$(BUILT_PRODUCTS_DIR)/Get_To_Know_SapceX.app/Get_To_Know_SapceX";
			};
			name = Release;
		};
		CC8755AC28C7597000C80E3E /* Debug */ = {
			isa = XCBuildConfiguration;
			buildSettings = {
				ALWAYS_EMBED_SWIFT_STANDARD_LIBRARIES = YES;
				CODE_SIGN_STYLE = Automatic;
				CURRENT_PROJECT_VERSION = 1;
				GENERATE_INFOPLIST_FILE = YES;
				MARKETING_VERSION = 1.0;
				PRODUCT_BUNDLE_IDENTIFIER = "ArmanG.Get-To-Know-SapceXUITests";
				PRODUCT_NAME = "$(TARGET_NAME)";
				SWIFT_EMIT_LOC_STRINGS = NO;
				SWIFT_VERSION = 5.0;
				TARGETED_DEVICE_FAMILY = "1,2";
				TEST_TARGET_NAME = Get_To_Know_SapceX;
			};
			name = Debug;
		};
		CC8755AD28C7597000C80E3E /* Release */ = {
			isa = XCBuildConfiguration;
			buildSettings = {
				ALWAYS_EMBED_SWIFT_STANDARD_LIBRARIES = YES;
				CODE_SIGN_STYLE = Automatic;
				CURRENT_PROJECT_VERSION = 1;
				GENERATE_INFOPLIST_FILE = YES;
				MARKETING_VERSION = 1.0;
				PRODUCT_BUNDLE_IDENTIFIER = "ArmanG.Get-To-Know-SapceXUITests";
				PRODUCT_NAME = "$(TARGET_NAME)";
				SWIFT_EMIT_LOC_STRINGS = NO;
				SWIFT_VERSION = 5.0;
				TARGETED_DEVICE_FAMILY = "1,2";
				TEST_TARGET_NAME = Get_To_Know_SapceX;
			};
			name = Release;
		};
/* End XCBuildConfiguration section */

/* Begin XCConfigurationList section */
		CC87557628C7596D00C80E3E /* Build configuration list for PBXProject "Get_To_Know_SapceX" */ = {
			isa = XCConfigurationList;
			buildConfigurations = (
				CC8755A328C7597000C80E3E /* Debug */,
				CC8755A428C7597000C80E3E /* Release */,
			);
			defaultConfigurationIsVisible = 0;
			defaultConfigurationName = Release;
		};
		CC8755A528C7597000C80E3E /* Build configuration list for PBXNativeTarget "Get_To_Know_SapceX" */ = {
			isa = XCConfigurationList;
			buildConfigurations = (
				CC8755A628C7597000C80E3E /* Debug */,
				CC8755A728C7597000C80E3E /* Release */,
			);
			defaultConfigurationIsVisible = 0;
			defaultConfigurationName = Release;
		};
		CC8755A828C7597000C80E3E /* Build configuration list for PBXNativeTarget "Get_To_Know_SapceXTests" */ = {
			isa = XCConfigurationList;
			buildConfigurations = (
				CC8755A928C7597000C80E3E /* Debug */,
				CC8755AA28C7597000C80E3E /* Release */,
			);
			defaultConfigurationIsVisible = 0;
			defaultConfigurationName = Release;
		};
		CC8755AB28C7597000C80E3E /* Build configuration list for PBXNativeTarget "Get_To_Know_SapceXUITests" */ = {
			isa = XCConfigurationList;
			buildConfigurations = (
				CC8755AC28C7597000C80E3E /* Debug */,
				CC8755AD28C7597000C80E3E /* Release */,
			);
			defaultConfigurationIsVisible = 0;
			defaultConfigurationName = Release;
		};
/* End XCConfigurationList section */
	};
	rootObject = CC87557328C7596D00C80E3E /* Project object */;
}
